// !$*UTF8*$!
{
	archiveVersion = 1;
	classes = {
	};
	objectVersion = 55;
	objects = {

/* Begin PBXBuildFile section */
		06F4E71D4114DB76CC4B9BE6 /* Pods_SamanTestTests.framework in Frameworks */ = {isa = PBXBuildFile; fileRef = A43AACCDE31337C758043110 /* Pods_SamanTestTests.framework */; };
		412F8FC027BC184A00C9080D /* NetworkManager.swift in Sources */ = {isa = PBXBuildFile; fileRef = 412F8FBF27BC184A00C9080D /* NetworkManager.swift */; };
		412F8FC227BC20D400C9080D /* NetworkManager+RequestInterceptor.swift in Sources */ = {isa = PBXBuildFile; fileRef = 412F8FC127BC20D400C9080D /* NetworkManager+RequestInterceptor.swift */; };
		412F8FC527BC2A0400C9080D /* AuthorizationInfo.swift in Sources */ = {isa = PBXBuildFile; fileRef = 412F8FC427BC2A0400C9080D /* AuthorizationInfo.swift */; };
		412F8FC827BC476400C9080D /* AirPortUseCase.swift in Sources */ = {isa = PBXBuildFile; fileRef = 412F8FC727BC476400C9080D /* AirPortUseCase.swift */; };
		412F8FCC27BC4AF200C9080D /* UseCaseProvider.swift in Sources */ = {isa = PBXBuildFile; fileRef = 412F8FCB27BC4AF200C9080D /* UseCaseProvider.swift */; };
		412F8FD127BC4FC700C9080D /* LazyInjecter.swift in Sources */ = {isa = PBXBuildFile; fileRef = 412F8FD027BC4FC700C9080D /* LazyInjecter.swift */; };
		412F8FD327BC501D00C9080D /* Service+Injection.swift in Sources */ = {isa = PBXBuildFile; fileRef = 412F8FD227BC501D00C9080D /* Service+Injection.swift */; };
		412F8FD627BC510300C9080D /* AuthService.swift in Sources */ = {isa = PBXBuildFile; fileRef = 412F8FD527BC510300C9080D /* AuthService.swift */; };
		412F8FD827BC511400C9080D /* AirPortService.swift in Sources */ = {isa = PBXBuildFile; fileRef = 412F8FD727BC511400C9080D /* AirPortService.swift */; };
		412F8FDA27BC5AA100C9080D /* AirPortUseCase.swift in Sources */ = {isa = PBXBuildFile; fileRef = 412F8FD927BC5AA100C9080D /* AirPortUseCase.swift */; };
		412F8FE127BC656200C9080D /* AirPortModel.swift in Sources */ = {isa = PBXBuildFile; fileRef = 412F8FE027BC656200C9080D /* AirPortModel.swift */; };
		412F8FE627BD182C00C9080D /* ViewModelType.swift in Sources */ = {isa = PBXBuildFile; fileRef = 412F8FE527BD182C00C9080D /* ViewModelType.swift */; };
		412F8FE827BD18C700C9080D /* MainNavigationController.swift in Sources */ = {isa = PBXBuildFile; fileRef = 412F8FE727BD18C700C9080D /* MainNavigationController.swift */; };
		412F8FEA27BD191000C9080D /* Reusable.swift in Sources */ = {isa = PBXBuildFile; fileRef = 412F8FE927BD191000C9080D /* Reusable.swift */; };
		412F8FEC27BD193700C9080D /* ErrorTracker.swift in Sources */ = {isa = PBXBuildFile; fileRef = 412F8FEB27BD193700C9080D /* ErrorTracker.swift */; };
		412F8FEE27BD195E00C9080D /* ActivityIndicator.swift in Sources */ = {isa = PBXBuildFile; fileRef = 412F8FED27BD195E00C9080D /* ActivityIndicator.swift */; };
		412F8FF027BD197A00C9080D /* Observable+Ext.swift in Sources */ = {isa = PBXBuildFile; fileRef = 412F8FEF27BD197A00C9080D /* Observable+Ext.swift */; };
		412F8FF327BD1C0400C9080D /* MapPointViewModel.swift in Sources */ = {isa = PBXBuildFile; fileRef = 412F8FF227BD1C0400C9080D /* MapPointViewModel.swift */; };
		412F8FF527BD1C2500C9080D /* MapPointNavigator.swift in Sources */ = {isa = PBXBuildFile; fileRef = 412F8FF427BD1C2500C9080D /* MapPointNavigator.swift */; };
		412F8FFC27BD1CA600C9080D /* AirPortViewModel.swift in Sources */ = {isa = PBXBuildFile; fileRef = 412F8FFB27BD1CA600C9080D /* AirPortViewModel.swift */; };
		412F8FFE27BD1CDE00C9080D /* AirPortNavigator.swift in Sources */ = {isa = PBXBuildFile; fileRef = 412F8FFD27BD1CDE00C9080D /* AirPortNavigator.swift */; };
		412F900127BD1CEF00C9080D /* AirPortViewController.swift in Sources */ = {isa = PBXBuildFile; fileRef = 412F8FFF27BD1CEF00C9080D /* AirPortViewController.swift */; };
		412F900227BD1CEF00C9080D /* AirPortViewController.xib in Resources */ = {isa = PBXBuildFile; fileRef = 412F900027BD1CEF00C9080D /* AirPortViewController.xib */; };
		412F900427BD4ADB00C9080D /* Application.swift in Sources */ = {isa = PBXBuildFile; fileRef = 412F900327BD4ADB00C9080D /* Application.swift */; };
		412F900627BD4B2000C9080D /* UseCaseProvider.swift in Sources */ = {isa = PBXBuildFile; fileRef = 412F900527BD4B2000C9080D /* UseCaseProvider.swift */; };
		412F900B27BD6FF700C9080D /* MapPointViewController.swift in Sources */ = {isa = PBXBuildFile; fileRef = 412F900927BD6FF700C9080D /* MapPointViewController.swift */; };
		412F900C27BD6FF700C9080D /* MapPointViewController.xib in Resources */ = {isa = PBXBuildFile; fileRef = 412F900A27BD6FF700C9080D /* MapPointViewController.xib */; };
		4167963A27BD8C50008EBE6C /* RadarView.swift in Sources */ = {isa = PBXBuildFile; fileRef = 4167963927BD8C50008EBE6C /* RadarView.swift */; };
		4167963C27BDAA61008EBE6C /* BaseViewController.swift in Sources */ = {isa = PBXBuildFile; fileRef = 4167963B27BDAA61008EBE6C /* BaseViewController.swift */; };
		4167964027BE74D2008EBE6C /* AirPortTableViewCell.swift in Sources */ = {isa = PBXBuildFile; fileRef = 4167963E27BE74D2008EBE6C /* AirPortTableViewCell.swift */; };
		4167964127BE74D2008EBE6C /* AirPortTableViewCell.xib in Resources */ = {isa = PBXBuildFile; fileRef = 4167963F27BE74D2008EBE6C /* AirPortTableViewCell.xib */; };
		4189492827BBE769008B426F /* NetworkPlatform.framework in Frameworks */ = {isa = PBXBuildFile; fileRef = 4189492027BBE769008B426F /* NetworkPlatform.framework */; };
		4189492F27BBE769008B426F /* NetworkPlatformTests.swift in Sources */ = {isa = PBXBuildFile; fileRef = 4189492E27BBE769008B426F /* NetworkPlatformTests.swift */; };
		4189493027BBE769008B426F /* NetworkPlatform.h in Headers */ = {isa = PBXBuildFile; fileRef = 4189492227BBE769008B426F /* NetworkPlatform.h */; settings = {ATTRIBUTES = (Public, ); }; };
		4189493327BBE769008B426F /* NetworkPlatform.framework in Frameworks */ = {isa = PBXBuildFile; fileRef = 4189492027BBE769008B426F /* NetworkPlatform.framework */; };
		4189493427BBE769008B426F /* NetworkPlatform.framework in Embed Frameworks */ = {isa = PBXBuildFile; fileRef = 4189492027BBE769008B426F /* NetworkPlatform.framework */; settings = {ATTRIBUTES = (CodeSignOnCopy, RemoveHeadersOnCopy, ); }; };
		4189493B27BBE7E5008B426F /* Domain.framework in Frameworks */ = {isa = PBXBuildFile; fileRef = 41E62BCE27BA5F7E00772BB9 /* Domain.framework */; platformFilter = ios; };
		4189493C27BBE7E5008B426F /* Domain.framework in Embed Frameworks */ = {isa = PBXBuildFile; fileRef = 41E62BCE27BA5F7E00772BB9 /* Domain.framework */; platformFilter = ios; settings = {ATTRIBUTES = (CodeSignOnCopy, RemoveHeadersOnCopy, ); }; };
		41B1663227BEF66500BDCFBE /* AirPortUseCaseMock.swift in Sources */ = {isa = PBXBuildFile; fileRef = 41B1663127BEF66500BDCFBE /* AirPortUseCaseMock.swift */; };
		41B1663427BEF77800BDCFBE /* MapNavigatorMock.swift in Sources */ = {isa = PBXBuildFile; fileRef = 41B1663327BEF77800BDCFBE /* MapNavigatorMock.swift */; };
		41E62BB627BA5F3D00772BB9 /* AppDelegate.swift in Sources */ = {isa = PBXBuildFile; fileRef = 41E62BB527BA5F3D00772BB9 /* AppDelegate.swift */; };
		41E62BBF27BA5F3F00772BB9 /* Assets.xcassets in Resources */ = {isa = PBXBuildFile; fileRef = 41E62BBE27BA5F3F00772BB9 /* Assets.xcassets */; };
		41E62BC227BA5F3F00772BB9 /* LaunchScreen.storyboard in Resources */ = {isa = PBXBuildFile; fileRef = 41E62BC027BA5F3F00772BB9 /* LaunchScreen.storyboard */; };
		41E62BD627BA5F7E00772BB9 /* Domain.framework in Frameworks */ = {isa = PBXBuildFile; fileRef = 41E62BCE27BA5F7E00772BB9 /* Domain.framework */; };
		41E62BDD27BA5F7E00772BB9 /* DomainTests.swift in Sources */ = {isa = PBXBuildFile; fileRef = 41E62BDC27BA5F7E00772BB9 /* DomainTests.swift */; };
		41E62BDE27BA5F7E00772BB9 /* Domain.h in Headers */ = {isa = PBXBuildFile; fileRef = 41E62BD027BA5F7E00772BB9 /* Domain.h */; settings = {ATTRIBUTES = (Public, ); }; };
		41E62BE127BA5F7E00772BB9 /* Domain.framework in Frameworks */ = {isa = PBXBuildFile; fileRef = 41E62BCE27BA5F7E00772BB9 /* Domain.framework */; };
		41E62BE227BA5F7F00772BB9 /* Domain.framework in Embed Frameworks */ = {isa = PBXBuildFile; fileRef = 41E62BCE27BA5F7E00772BB9 /* Domain.framework */; settings = {ATTRIBUTES = (CodeSignOnCopy, RemoveHeadersOnCopy, ); }; };
		41E62C1427BA63C200772BB9 /* SamanTestTests.swift in Sources */ = {isa = PBXBuildFile; fileRef = 41E62C1327BA63C200772BB9 /* SamanTestTests.swift */; };
		41E62C2127BA63D200772BB9 /* SamanTestUITests.swift in Sources */ = {isa = PBXBuildFile; fileRef = 41E62C2027BA63D200772BB9 /* SamanTestUITests.swift */; };
		41E62C2327BA63D200772BB9 /* SamanTestUITestsLaunchTests.swift in Sources */ = {isa = PBXBuildFile; fileRef = 41E62C2227BA63D200772BB9 /* SamanTestUITestsLaunchTests.swift */; };
		41E62C5027BAF41900772BB9 /* ServiceRouter.swift in Sources */ = {isa = PBXBuildFile; fileRef = 41E62C4F27BAF41900772BB9 /* ServiceRouter.swift */; };
		41E62C5227BAF6FC00772BB9 /* AppSetting.swift in Sources */ = {isa = PBXBuildFile; fileRef = 41E62C5127BAF6FC00772BB9 /* AppSetting.swift */; };
		41E62C5427BAF85F00772BB9 /* AuthModel.swift in Sources */ = {isa = PBXBuildFile; fileRef = 41E62C5327BAF85F00772BB9 /* AuthModel.swift */; };
		41E62C5627BAFE6800772BB9 /* AirPort.swift in Sources */ = {isa = PBXBuildFile; fileRef = 41E62C5527BAFE6800772BB9 /* AirPort.swift */; };
		41E62C5827BB094C00772BB9 /* CustomError.swift in Sources */ = {isa = PBXBuildFile; fileRef = 41E62C5727BB094C00772BB9 /* CustomError.swift */; };
		41E62C5E27BB168000772BB9 /* SamanError.swift in Sources */ = {isa = PBXBuildFile; fileRef = 41E62C5D27BB168000772BB9 /* SamanError.swift */; };
		4CE52EE3D0CAD7406CC3A314 /* Pods_DomainTests.framework in Frameworks */ = {isa = PBXBuildFile; fileRef = BF27A0D47C4039E783D43212 /* Pods_DomainTests.framework */; };
		56980948E07EC37B64B0D3AE /* Pods_SamanTest_SamanTestUITests.framework in Frameworks */ = {isa = PBXBuildFile; fileRef = 41F845A3FCFEF2C349A4E6A3 /* Pods_SamanTest_SamanTestUITests.framework */; };
		77308EDC2D1BBB43DA4B16B0 /* Pods_SamanTest.framework in Frameworks */ = {isa = PBXBuildFile; fileRef = 040FCA85F65CF018B73A8683 /* Pods_SamanTest.framework */; };
		9308FF7D487503DE5FBF6807 /* Pods_Domain.framework in Frameworks */ = {isa = PBXBuildFile; fileRef = F3A810FE93A1108C0F208F79 /* Pods_Domain.framework */; };
		B2E9EC0734E6C4E1E9797B16 /* Pods_NetworkPlatform.framework in Frameworks */ = {isa = PBXBuildFile; fileRef = 63F4C897CD3498B7518F3A85 /* Pods_NetworkPlatform.framework */; };
		E50D9172073EEF32DDDF1FEB /* Pods_NetworkPlatformTests.framework in Frameworks */ = {isa = PBXBuildFile; fileRef = F161A40BFD95D00DA1939476 /* Pods_NetworkPlatformTests.framework */; };
/* End PBXBuildFile section */

/* Begin PBXContainerItemProxy section */
		4189492927BBE769008B426F /* PBXContainerItemProxy */ = {
			isa = PBXContainerItemProxy;
			containerPortal = 41E62BAA27BA5F3D00772BB9 /* Project object */;
			proxyType = 1;
			remoteGlobalIDString = 4189491F27BBE769008B426F;
			remoteInfo = NetworkPlatform;
		};
		4189492B27BBE769008B426F /* PBXContainerItemProxy */ = {
			isa = PBXContainerItemProxy;
			containerPortal = 41E62BAA27BA5F3D00772BB9 /* Project object */;
			proxyType = 1;
			remoteGlobalIDString = 41E62BB127BA5F3D00772BB9;
			remoteInfo = SamanTest;
		};
		4189493127BBE769008B426F /* PBXContainerItemProxy */ = {
			isa = PBXContainerItemProxy;
			containerPortal = 41E62BAA27BA5F3D00772BB9 /* Project object */;
			proxyType = 1;
			remoteGlobalIDString = 4189491F27BBE769008B426F;
			remoteInfo = NetworkPlatform;
		};
		4189493D27BBE7E5008B426F /* PBXContainerItemProxy */ = {
			isa = PBXContainerItemProxy;
			containerPortal = 41E62BAA27BA5F3D00772BB9 /* Project object */;
			proxyType = 1;
			remoteGlobalIDString = 41E62BCD27BA5F7E00772BB9;
			remoteInfo = Domain;
		};
		41E62BD727BA5F7E00772BB9 /* PBXContainerItemProxy */ = {
			isa = PBXContainerItemProxy;
			containerPortal = 41E62BAA27BA5F3D00772BB9 /* Project object */;
			proxyType = 1;
			remoteGlobalIDString = 41E62BCD27BA5F7E00772BB9;
			remoteInfo = Domain;
		};
		41E62BD927BA5F7E00772BB9 /* PBXContainerItemProxy */ = {
			isa = PBXContainerItemProxy;
			containerPortal = 41E62BAA27BA5F3D00772BB9 /* Project object */;
			proxyType = 1;
			remoteGlobalIDString = 41E62BB127BA5F3D00772BB9;
			remoteInfo = SamanTest;
		};
		41E62BDF27BA5F7E00772BB9 /* PBXContainerItemProxy */ = {
			isa = PBXContainerItemProxy;
			containerPortal = 41E62BAA27BA5F3D00772BB9 /* Project object */;
			proxyType = 1;
			remoteGlobalIDString = 41E62BCD27BA5F7E00772BB9;
			remoteInfo = Domain;
		};
		41E62C1527BA63C200772BB9 /* PBXContainerItemProxy */ = {
			isa = PBXContainerItemProxy;
			containerPortal = 41E62BAA27BA5F3D00772BB9 /* Project object */;
			proxyType = 1;
			remoteGlobalIDString = 41E62BB127BA5F3D00772BB9;
			remoteInfo = SamanTest;
		};
		41E62C2427BA63D200772BB9 /* PBXContainerItemProxy */ = {
			isa = PBXContainerItemProxy;
			containerPortal = 41E62BAA27BA5F3D00772BB9 /* Project object */;
			proxyType = 1;
			remoteGlobalIDString = 41E62BB127BA5F3D00772BB9;
			remoteInfo = SamanTest;
		};
/* End PBXContainerItemProxy section */

/* Begin PBXCopyFilesBuildPhase section */
		4189493F27BBE7E5008B426F /* Embed Frameworks */ = {
			isa = PBXCopyFilesBuildPhase;
			buildActionMask = 2147483647;
			dstPath = "";
			dstSubfolderSpec = 10;
			files = (
				4189493C27BBE7E5008B426F /* Domain.framework in Embed Frameworks */,
			);
			name = "Embed Frameworks";
			runOnlyForDeploymentPostprocessing = 0;
		};
		41E62BE627BA5F7F00772BB9 /* Embed Frameworks */ = {
			isa = PBXCopyFilesBuildPhase;
			buildActionMask = 2147483647;
			dstPath = "";
			dstSubfolderSpec = 10;
			files = (
				4189493427BBE769008B426F /* NetworkPlatform.framework in Embed Frameworks */,
				41E62BE227BA5F7F00772BB9 /* Domain.framework in Embed Frameworks */,
			);
			name = "Embed Frameworks";
			runOnlyForDeploymentPostprocessing = 0;
		};
/* End PBXCopyFilesBuildPhase section */

/* Begin PBXFileReference section */
		040FCA85F65CF018B73A8683 /* Pods_SamanTest.framework */ = {isa = PBXFileReference; explicitFileType = wrapper.framework; includeInIndex = 0; path = Pods_SamanTest.framework; sourceTree = BUILT_PRODUCTS_DIR; };
		05E1B0F9ACECC9E5C5EE072D /* Pods_Data.framework */ = {isa = PBXFileReference; explicitFileType = wrapper.framework; includeInIndex = 0; path = Pods_Data.framework; sourceTree = BUILT_PRODUCTS_DIR; };
		2186B396885778BA8904F423 /* Pods-SamanTest-SamanTestUITests.debug.xcconfig */ = {isa = PBXFileReference; includeInIndex = 1; lastKnownFileType = text.xcconfig; name = "Pods-SamanTest-SamanTestUITests.debug.xcconfig"; path = "Target Support Files/Pods-SamanTest-SamanTestUITests/Pods-SamanTest-SamanTestUITests.debug.xcconfig"; sourceTree = "<group>"; };
		3B2160DA152C0CA22F1EC37B /* Pods-NetworkPlatformTests.release.xcconfig */ = {isa = PBXFileReference; includeInIndex = 1; lastKnownFileType = text.xcconfig; name = "Pods-NetworkPlatformTests.release.xcconfig"; path = "Target Support Files/Pods-NetworkPlatformTests/Pods-NetworkPlatformTests.release.xcconfig"; sourceTree = "<group>"; };
		412F8FBF27BC184A00C9080D /* NetworkManager.swift */ = {isa = PBXFileReference; lastKnownFileType = sourcecode.swift; path = NetworkManager.swift; sourceTree = "<group>"; };
		412F8FC127BC20D400C9080D /* NetworkManager+RequestInterceptor.swift */ = {isa = PBXFileReference; lastKnownFileType = sourcecode.swift; path = "NetworkManager+RequestInterceptor.swift"; sourceTree = "<group>"; };
		412F8FC427BC2A0400C9080D /* AuthorizationInfo.swift */ = {isa = PBXFileReference; lastKnownFileType = sourcecode.swift; path = AuthorizationInfo.swift; sourceTree = "<group>"; };
		412F8FC727BC476400C9080D /* AirPortUseCase.swift */ = {isa = PBXFileReference; lastKnownFileType = sourcecode.swift; path = AirPortUseCase.swift; sourceTree = "<group>"; };
		412F8FCB27BC4AF200C9080D /* UseCaseProvider.swift */ = {isa = PBXFileReference; lastKnownFileType = sourcecode.swift; path = UseCaseProvider.swift; sourceTree = "<group>"; };
		412F8FD027BC4FC700C9080D /* LazyInjecter.swift */ = {isa = PBXFileReference; lastKnownFileType = sourcecode.swift; path = LazyInjecter.swift; sourceTree = "<group>"; };
		412F8FD227BC501D00C9080D /* Service+Injection.swift */ = {isa = PBXFileReference; lastKnownFileType = sourcecode.swift; path = "Service+Injection.swift"; sourceTree = "<group>"; };
		412F8FD527BC510300C9080D /* AuthService.swift */ = {isa = PBXFileReference; lastKnownFileType = sourcecode.swift; path = AuthService.swift; sourceTree = "<group>"; };
		412F8FD727BC511400C9080D /* AirPortService.swift */ = {isa = PBXFileReference; lastKnownFileType = sourcecode.swift; path = AirPortService.swift; sourceTree = "<group>"; };
		412F8FD927BC5AA100C9080D /* AirPortUseCase.swift */ = {isa = PBXFileReference; lastKnownFileType = sourcecode.swift; path = AirPortUseCase.swift; sourceTree = "<group>"; };
		412F8FE027BC656200C9080D /* AirPortModel.swift */ = {isa = PBXFileReference; lastKnownFileType = sourcecode.swift; path = AirPortModel.swift; sourceTree = "<group>"; };
		412F8FE527BD182C00C9080D /* ViewModelType.swift */ = {isa = PBXFileReference; lastKnownFileType = sourcecode.swift; path = ViewModelType.swift; sourceTree = "<group>"; };
		412F8FE727BD18C700C9080D /* MainNavigationController.swift */ = {isa = PBXFileReference; lastKnownFileType = sourcecode.swift; path = MainNavigationController.swift; sourceTree = "<group>"; };
		412F8FE927BD191000C9080D /* Reusable.swift */ = {isa = PBXFileReference; lastKnownFileType = sourcecode.swift; path = Reusable.swift; sourceTree = "<group>"; };
		412F8FEB27BD193700C9080D /* ErrorTracker.swift */ = {isa = PBXFileReference; lastKnownFileType = sourcecode.swift; path = ErrorTracker.swift; sourceTree = "<group>"; };
		412F8FED27BD195E00C9080D /* ActivityIndicator.swift */ = {isa = PBXFileReference; lastKnownFileType = sourcecode.swift; path = ActivityIndicator.swift; sourceTree = "<group>"; };
		412F8FEF27BD197A00C9080D /* Observable+Ext.swift */ = {isa = PBXFileReference; lastKnownFileType = sourcecode.swift; path = "Observable+Ext.swift"; sourceTree = "<group>"; };
		412F8FF227BD1C0400C9080D /* MapPointViewModel.swift */ = {isa = PBXFileReference; lastKnownFileType = sourcecode.swift; path = MapPointViewModel.swift; sourceTree = "<group>"; };
		412F8FF427BD1C2500C9080D /* MapPointNavigator.swift */ = {isa = PBXFileReference; lastKnownFileType = sourcecode.swift; path = MapPointNavigator.swift; sourceTree = "<group>"; };
		412F8FFB27BD1CA600C9080D /* AirPortViewModel.swift */ = {isa = PBXFileReference; lastKnownFileType = sourcecode.swift; path = AirPortViewModel.swift; sourceTree = "<group>"; };
		412F8FFD27BD1CDE00C9080D /* AirPortNavigator.swift */ = {isa = PBXFileReference; lastKnownFileType = sourcecode.swift; path = AirPortNavigator.swift; sourceTree = "<group>"; };
		412F8FFF27BD1CEF00C9080D /* AirPortViewController.swift */ = {isa = PBXFileReference; lastKnownFileType = sourcecode.swift; path = AirPortViewController.swift; sourceTree = "<group>"; };
		412F900027BD1CEF00C9080D /* AirPortViewController.xib */ = {isa = PBXFileReference; lastKnownFileType = file.xib; path = AirPortViewController.xib; sourceTree = "<group>"; };
		412F900327BD4ADB00C9080D /* Application.swift */ = {isa = PBXFileReference; lastKnownFileType = sourcecode.swift; path = Application.swift; sourceTree = "<group>"; };
		412F900527BD4B2000C9080D /* UseCaseProvider.swift */ = {isa = PBXFileReference; lastKnownFileType = sourcecode.swift; path = UseCaseProvider.swift; sourceTree = "<group>"; };
		412F900927BD6FF700C9080D /* MapPointViewController.swift */ = {isa = PBXFileReference; lastKnownFileType = sourcecode.swift; path = MapPointViewController.swift; sourceTree = "<group>"; };
		412F900A27BD6FF700C9080D /* MapPointViewController.xib */ = {isa = PBXFileReference; lastKnownFileType = file.xib; path = MapPointViewController.xib; sourceTree = "<group>"; };
		4167963927BD8C50008EBE6C /* RadarView.swift */ = {isa = PBXFileReference; lastKnownFileType = sourcecode.swift; path = RadarView.swift; sourceTree = "<group>"; };
		4167963B27BDAA61008EBE6C /* BaseViewController.swift */ = {isa = PBXFileReference; lastKnownFileType = sourcecode.swift; path = BaseViewController.swift; sourceTree = "<group>"; };
		4167963E27BE74D2008EBE6C /* AirPortTableViewCell.swift */ = {isa = PBXFileReference; lastKnownFileType = sourcecode.swift; path = AirPortTableViewCell.swift; sourceTree = "<group>"; };
		4167963F27BE74D2008EBE6C /* AirPortTableViewCell.xib */ = {isa = PBXFileReference; lastKnownFileType = file.xib; path = AirPortTableViewCell.xib; sourceTree = "<group>"; };
		4189492027BBE769008B426F /* NetworkPlatform.framework */ = {isa = PBXFileReference; explicitFileType = wrapper.framework; includeInIndex = 0; path = NetworkPlatform.framework; sourceTree = BUILT_PRODUCTS_DIR; };
		4189492227BBE769008B426F /* NetworkPlatform.h */ = {isa = PBXFileReference; lastKnownFileType = sourcecode.c.h; path = NetworkPlatform.h; sourceTree = "<group>"; };
		4189492727BBE769008B426F /* NetworkPlatformTests.xctest */ = {isa = PBXFileReference; explicitFileType = wrapper.cfbundle; includeInIndex = 0; path = NetworkPlatformTests.xctest; sourceTree = BUILT_PRODUCTS_DIR; };
		4189492E27BBE769008B426F /* NetworkPlatformTests.swift */ = {isa = PBXFileReference; lastKnownFileType = sourcecode.swift; path = NetworkPlatformTests.swift; sourceTree = "<group>"; };
		41B1663127BEF66500BDCFBE /* AirPortUseCaseMock.swift */ = {isa = PBXFileReference; lastKnownFileType = sourcecode.swift; path = AirPortUseCaseMock.swift; sourceTree = "<group>"; };
		41B1663327BEF77800BDCFBE /* MapNavigatorMock.swift */ = {isa = PBXFileReference; lastKnownFileType = sourcecode.swift; path = MapNavigatorMock.swift; sourceTree = "<group>"; };
		41E62BB227BA5F3D00772BB9 /* SamanTest.app */ = {isa = PBXFileReference; explicitFileType = wrapper.application; includeInIndex = 0; path = SamanTest.app; sourceTree = BUILT_PRODUCTS_DIR; };
		41E62BB527BA5F3D00772BB9 /* AppDelegate.swift */ = {isa = PBXFileReference; lastKnownFileType = sourcecode.swift; path = AppDelegate.swift; sourceTree = "<group>"; };
		41E62BBE27BA5F3F00772BB9 /* Assets.xcassets */ = {isa = PBXFileReference; lastKnownFileType = folder.assetcatalog; path = Assets.xcassets; sourceTree = "<group>"; };
		41E62BC127BA5F3F00772BB9 /* Base */ = {isa = PBXFileReference; lastKnownFileType = file.storyboard; name = Base; path = Base.lproj/LaunchScreen.storyboard; sourceTree = "<group>"; };
		41E62BC327BA5F3F00772BB9 /* Info.plist */ = {isa = PBXFileReference; lastKnownFileType = text.plist.xml; path = Info.plist; sourceTree = "<group>"; };
		41E62BCE27BA5F7E00772BB9 /* Domain.framework */ = {isa = PBXFileReference; explicitFileType = wrapper.framework; includeInIndex = 0; path = Domain.framework; sourceTree = BUILT_PRODUCTS_DIR; };
		41E62BD027BA5F7E00772BB9 /* Domain.h */ = {isa = PBXFileReference; lastKnownFileType = sourcecode.c.h; path = Domain.h; sourceTree = "<group>"; };
		41E62BD527BA5F7E00772BB9 /* DomainTests.xctest */ = {isa = PBXFileReference; explicitFileType = wrapper.cfbundle; includeInIndex = 0; path = DomainTests.xctest; sourceTree = BUILT_PRODUCTS_DIR; };
		41E62BDC27BA5F7E00772BB9 /* DomainTests.swift */ = {isa = PBXFileReference; lastKnownFileType = sourcecode.swift; path = DomainTests.swift; sourceTree = "<group>"; };
		41E62C1127BA63C200772BB9 /* SamanTestTests.xctest */ = {isa = PBXFileReference; explicitFileType = wrapper.cfbundle; includeInIndex = 0; path = SamanTestTests.xctest; sourceTree = BUILT_PRODUCTS_DIR; };
		41E62C1327BA63C200772BB9 /* SamanTestTests.swift */ = {isa = PBXFileReference; lastKnownFileType = sourcecode.swift; path = SamanTestTests.swift; sourceTree = "<group>"; };
		41E62C1E27BA63D200772BB9 /* SamanTestUITests.xctest */ = {isa = PBXFileReference; explicitFileType = wrapper.cfbundle; includeInIndex = 0; path = SamanTestUITests.xctest; sourceTree = BUILT_PRODUCTS_DIR; };
		41E62C2027BA63D200772BB9 /* SamanTestUITests.swift */ = {isa = PBXFileReference; lastKnownFileType = sourcecode.swift; path = SamanTestUITests.swift; sourceTree = "<group>"; };
		41E62C2227BA63D200772BB9 /* SamanTestUITestsLaunchTests.swift */ = {isa = PBXFileReference; lastKnownFileType = sourcecode.swift; path = SamanTestUITestsLaunchTests.swift; sourceTree = "<group>"; };
		41E62C2927BAE48400772BB9 /* Alamofire.framework */ = {isa = PBXFileReference; explicitFileType = wrapper.framework; path = Alamofire.framework; sourceTree = BUILT_PRODUCTS_DIR; };
		41E62C2A27BAE48400772BB9 /* KeychainAccess.framework */ = {isa = PBXFileReference; explicitFileType = wrapper.framework; path = KeychainAccess.framework; sourceTree = BUILT_PRODUCTS_DIR; };
		41E62C2B27BAE48400772BB9 /* Resolver.framework */ = {isa = PBXFileReference; explicitFileType = wrapper.framework; path = Resolver.framework; sourceTree = BUILT_PRODUCTS_DIR; };
		41E62C2C27BAE48400772BB9 /* RxSwift.framework */ = {isa = PBXFileReference; explicitFileType = wrapper.framework; path = RxSwift.framework; sourceTree = BUILT_PRODUCTS_DIR; };
		41E62C3627BAE50400772BB9 /* Kingfisher.framework */ = {isa = PBXFileReference; explicitFileType = wrapper.framework; path = Kingfisher.framework; sourceTree = BUILT_PRODUCTS_DIR; };
		41E62C3727BAE50400772BB9 /* NVActivityIndicatorView.framework */ = {isa = PBXFileReference; explicitFileType = wrapper.framework; path = NVActivityIndicatorView.framework; sourceTree = BUILT_PRODUCTS_DIR; };
		41E62C3827BAE50400772BB9 /* RxCocoa.framework */ = {isa = PBXFileReference; explicitFileType = wrapper.framework; path = RxCocoa.framework; sourceTree = BUILT_PRODUCTS_DIR; };
		41E62C3927BAE50400772BB9 /* RxSwift.framework */ = {isa = PBXFileReference; explicitFileType = wrapper.framework; path = RxSwift.framework; sourceTree = BUILT_PRODUCTS_DIR; };
		41E62C4F27BAF41900772BB9 /* ServiceRouter.swift */ = {isa = PBXFileReference; lastKnownFileType = sourcecode.swift; path = ServiceRouter.swift; sourceTree = "<group>"; };
		41E62C5127BAF6FC00772BB9 /* AppSetting.swift */ = {isa = PBXFileReference; lastKnownFileType = sourcecode.swift; path = AppSetting.swift; sourceTree = "<group>"; };
		41E62C5327BAF85F00772BB9 /* AuthModel.swift */ = {isa = PBXFileReference; lastKnownFileType = sourcecode.swift; path = AuthModel.swift; sourceTree = "<group>"; };
		41E62C5527BAFE6800772BB9 /* AirPort.swift */ = {isa = PBXFileReference; lastKnownFileType = sourcecode.swift; path = AirPort.swift; sourceTree = "<group>"; };
		41E62C5727BB094C00772BB9 /* CustomError.swift */ = {isa = PBXFileReference; lastKnownFileType = sourcecode.swift; path = CustomError.swift; sourceTree = "<group>"; };
		41E62C5D27BB168000772BB9 /* SamanError.swift */ = {isa = PBXFileReference; lastKnownFileType = sourcecode.swift; path = SamanError.swift; sourceTree = "<group>"; };
		41F845A3FCFEF2C349A4E6A3 /* Pods_SamanTest_SamanTestUITests.framework */ = {isa = PBXFileReference; explicitFileType = wrapper.framework; includeInIndex = 0; path = Pods_SamanTest_SamanTestUITests.framework; sourceTree = BUILT_PRODUCTS_DIR; };
		422731858E8C62CA4B0F3008 /* Pods-SamanTest.release.xcconfig */ = {isa = PBXFileReference; includeInIndex = 1; lastKnownFileType = text.xcconfig; name = "Pods-SamanTest.release.xcconfig"; path = "Target Support Files/Pods-SamanTest/Pods-SamanTest.release.xcconfig"; sourceTree = "<group>"; };
		4DD6165B4A97A63BD16EDB59 /* Pods-SamanTestTests.debug.xcconfig */ = {isa = PBXFileReference; includeInIndex = 1; lastKnownFileType = text.xcconfig; name = "Pods-SamanTestTests.debug.xcconfig"; path = "Target Support Files/Pods-SamanTestTests/Pods-SamanTestTests.debug.xcconfig"; sourceTree = "<group>"; };
		54A388E6723B97B17173AC78 /* Pods-NetworkPlatformTests.debug.xcconfig */ = {isa = PBXFileReference; includeInIndex = 1; lastKnownFileType = text.xcconfig; name = "Pods-NetworkPlatformTests.debug.xcconfig"; path = "Target Support Files/Pods-NetworkPlatformTests/Pods-NetworkPlatformTests.debug.xcconfig"; sourceTree = "<group>"; };
		63F4C897CD3498B7518F3A85 /* Pods_NetworkPlatform.framework */ = {isa = PBXFileReference; explicitFileType = wrapper.framework; includeInIndex = 0; path = Pods_NetworkPlatform.framework; sourceTree = BUILT_PRODUCTS_DIR; };
		6F0822BFE889E388BF58B830 /* Pods-Data.debug.xcconfig */ = {isa = PBXFileReference; includeInIndex = 1; lastKnownFileType = text.xcconfig; name = "Pods-Data.debug.xcconfig"; path = "Target Support Files/Pods-Data/Pods-Data.debug.xcconfig"; sourceTree = "<group>"; };
		77AEB563813CA9A409BA36E5 /* Pods-Domain.release.xcconfig */ = {isa = PBXFileReference; includeInIndex = 1; lastKnownFileType = text.xcconfig; name = "Pods-Domain.release.xcconfig"; path = "Target Support Files/Pods-Domain/Pods-Domain.release.xcconfig"; sourceTree = "<group>"; };
		905F0D1413E420ED24AB4A8A /* Pods-SamanTest-SamanTestUITests.release.xcconfig */ = {isa = PBXFileReference; includeInIndex = 1; lastKnownFileType = text.xcconfig; name = "Pods-SamanTest-SamanTestUITests.release.xcconfig"; path = "Target Support Files/Pods-SamanTest-SamanTestUITests/Pods-SamanTest-SamanTestUITests.release.xcconfig"; sourceTree = "<group>"; };
		9EBA902FDAB2C3C21AC6AC8F /* Pods-DomainTests.release.xcconfig */ = {isa = PBXFileReference; includeInIndex = 1; lastKnownFileType = text.xcconfig; name = "Pods-DomainTests.release.xcconfig"; path = "Target Support Files/Pods-DomainTests/Pods-DomainTests.release.xcconfig"; sourceTree = "<group>"; };
		A43AACCDE31337C758043110 /* Pods_SamanTestTests.framework */ = {isa = PBXFileReference; explicitFileType = wrapper.framework; includeInIndex = 0; path = Pods_SamanTestTests.framework; sourceTree = BUILT_PRODUCTS_DIR; };
		AAC3AF5BD9634B38EE610559 /* Pods-NetworkPlatform.debug.xcconfig */ = {isa = PBXFileReference; includeInIndex = 1; lastKnownFileType = text.xcconfig; name = "Pods-NetworkPlatform.debug.xcconfig"; path = "Target Support Files/Pods-NetworkPlatform/Pods-NetworkPlatform.debug.xcconfig"; sourceTree = "<group>"; };
		B1F29785B4C3796463CCAE7F /* Pods_DataTests.framework */ = {isa = PBXFileReference; explicitFileType = wrapper.framework; includeInIndex = 0; path = Pods_DataTests.framework; sourceTree = BUILT_PRODUCTS_DIR; };
		B9AE299577C3EED17CB83776 /* Pods-DataTests.debug.xcconfig */ = {isa = PBXFileReference; includeInIndex = 1; lastKnownFileType = text.xcconfig; name = "Pods-DataTests.debug.xcconfig"; path = "Target Support Files/Pods-DataTests/Pods-DataTests.debug.xcconfig"; sourceTree = "<group>"; };
		BF27A0D47C4039E783D43212 /* Pods_DomainTests.framework */ = {isa = PBXFileReference; explicitFileType = wrapper.framework; includeInIndex = 0; path = Pods_DomainTests.framework; sourceTree = BUILT_PRODUCTS_DIR; };
		C31FFB5CF9CF275A30FBFA49 /* Pods-SamanTestTests.release.xcconfig */ = {isa = PBXFileReference; includeInIndex = 1; lastKnownFileType = text.xcconfig; name = "Pods-SamanTestTests.release.xcconfig"; path = "Target Support Files/Pods-SamanTestTests/Pods-SamanTestTests.release.xcconfig"; sourceTree = "<group>"; };
		C688A175B1F56BEB9332C71A /* Pods-SamanTest.debug.xcconfig */ = {isa = PBXFileReference; includeInIndex = 1; lastKnownFileType = text.xcconfig; name = "Pods-SamanTest.debug.xcconfig"; path = "Target Support Files/Pods-SamanTest/Pods-SamanTest.debug.xcconfig"; sourceTree = "<group>"; };
		CCB23F652DEBCD03834D056A /* Pods-DataTests.release.xcconfig */ = {isa = PBXFileReference; includeInIndex = 1; lastKnownFileType = text.xcconfig; name = "Pods-DataTests.release.xcconfig"; path = "Target Support Files/Pods-DataTests/Pods-DataTests.release.xcconfig"; sourceTree = "<group>"; };
		CE2D08E4E10DD7FA77960161 /* Pods-DomainTests.debug.xcconfig */ = {isa = PBXFileReference; includeInIndex = 1; lastKnownFileType = text.xcconfig; name = "Pods-DomainTests.debug.xcconfig"; path = "Target Support Files/Pods-DomainTests/Pods-DomainTests.debug.xcconfig"; sourceTree = "<group>"; };
		DD189BED1D37130419D7DB02 /* Pods-NetworkPlatform.release.xcconfig */ = {isa = PBXFileReference; includeInIndex = 1; lastKnownFileType = text.xcconfig; name = "Pods-NetworkPlatform.release.xcconfig"; path = "Target Support Files/Pods-NetworkPlatform/Pods-NetworkPlatform.release.xcconfig"; sourceTree = "<group>"; };
		DEA82CE1A5BEE1F284778C18 /* Pods-Data.release.xcconfig */ = {isa = PBXFileReference; includeInIndex = 1; lastKnownFileType = text.xcconfig; name = "Pods-Data.release.xcconfig"; path = "Target Support Files/Pods-Data/Pods-Data.release.xcconfig"; sourceTree = "<group>"; };
		E702FEB3866B972656C8CF13 /* Pods-Domain.debug.xcconfig */ = {isa = PBXFileReference; includeInIndex = 1; lastKnownFileType = text.xcconfig; name = "Pods-Domain.debug.xcconfig"; path = "Target Support Files/Pods-Domain/Pods-Domain.debug.xcconfig"; sourceTree = "<group>"; };
		F161A40BFD95D00DA1939476 /* Pods_NetworkPlatformTests.framework */ = {isa = PBXFileReference; explicitFileType = wrapper.framework; includeInIndex = 0; path = Pods_NetworkPlatformTests.framework; sourceTree = BUILT_PRODUCTS_DIR; };
		F3A810FE93A1108C0F208F79 /* Pods_Domain.framework */ = {isa = PBXFileReference; explicitFileType = wrapper.framework; includeInIndex = 0; path = Pods_Domain.framework; sourceTree = BUILT_PRODUCTS_DIR; };
/* End PBXFileReference section */

/* Begin PBXFrameworksBuildPhase section */
		4189491D27BBE769008B426F /* Frameworks */ = {
			isa = PBXFrameworksBuildPhase;
			buildActionMask = 2147483647;
			files = (
				4189493B27BBE7E5008B426F /* Domain.framework in Frameworks */,
				B2E9EC0734E6C4E1E9797B16 /* Pods_NetworkPlatform.framework in Frameworks */,
			);
			runOnlyForDeploymentPostprocessing = 0;
		};
		4189492427BBE769008B426F /* Frameworks */ = {
			isa = PBXFrameworksBuildPhase;
			buildActionMask = 2147483647;
			files = (
				4189492827BBE769008B426F /* NetworkPlatform.framework in Frameworks */,
				E50D9172073EEF32DDDF1FEB /* Pods_NetworkPlatformTests.framework in Frameworks */,
			);
			runOnlyForDeploymentPostprocessing = 0;
		};
		41E62BAF27BA5F3D00772BB9 /* Frameworks */ = {
			isa = PBXFrameworksBuildPhase;
			buildActionMask = 2147483647;
			files = (
				41E62BE127BA5F7E00772BB9 /* Domain.framework in Frameworks */,
				4189493327BBE769008B426F /* NetworkPlatform.framework in Frameworks */,
				77308EDC2D1BBB43DA4B16B0 /* Pods_SamanTest.framework in Frameworks */,
			);
			runOnlyForDeploymentPostprocessing = 0;
		};
		41E62BCB27BA5F7E00772BB9 /* Frameworks */ = {
			isa = PBXFrameworksBuildPhase;
			buildActionMask = 2147483647;
			files = (
				9308FF7D487503DE5FBF6807 /* Pods_Domain.framework in Frameworks */,
			);
			runOnlyForDeploymentPostprocessing = 0;
		};
		41E62BD227BA5F7E00772BB9 /* Frameworks */ = {
			isa = PBXFrameworksBuildPhase;
			buildActionMask = 2147483647;
			files = (
				41E62BD627BA5F7E00772BB9 /* Domain.framework in Frameworks */,
				4CE52EE3D0CAD7406CC3A314 /* Pods_DomainTests.framework in Frameworks */,
			);
			runOnlyForDeploymentPostprocessing = 0;
		};
		41E62C0E27BA63C200772BB9 /* Frameworks */ = {
			isa = PBXFrameworksBuildPhase;
			buildActionMask = 2147483647;
			files = (
				06F4E71D4114DB76CC4B9BE6 /* Pods_SamanTestTests.framework in Frameworks */,
			);
			runOnlyForDeploymentPostprocessing = 0;
		};
		41E62C1B27BA63D100772BB9 /* Frameworks */ = {
			isa = PBXFrameworksBuildPhase;
			buildActionMask = 2147483647;
			files = (
				56980948E07EC37B64B0D3AE /* Pods_SamanTest_SamanTestUITests.framework in Frameworks */,
			);
			runOnlyForDeploymentPostprocessing = 0;
		};
/* End PBXFrameworksBuildPhase section */

/* Begin PBXGroup section */
		412F8FBE27BC182F00C9080D /* Network */ = {
			isa = PBXGroup;
			children = (
				412F8FBF27BC184A00C9080D /* NetworkManager.swift */,
				412F8FC127BC20D400C9080D /* NetworkManager+RequestInterceptor.swift */,
			);
			path = Network;
			sourceTree = "<group>";
		};
		412F8FC327BC29D300C9080D /* Utility */ = {
			isa = PBXGroup;
			children = (
				412F8FC427BC2A0400C9080D /* AuthorizationInfo.swift */,
			);
			path = Utility;
			sourceTree = "<group>";
		};
		412F8FC627BC30B700C9080D /* UseCases */ = {
			isa = PBXGroup;
			children = (
				412F8FD927BC5AA100C9080D /* AirPortUseCase.swift */,
				412F900527BD4B2000C9080D /* UseCaseProvider.swift */,
			);
			path = UseCases;
			sourceTree = "<group>";
		};
		412F8FCF27BC4FB100C9080D /* DI */ = {
			isa = PBXGroup;
			children = (
				412F8FD027BC4FC700C9080D /* LazyInjecter.swift */,
				412F8FD227BC501D00C9080D /* Service+Injection.swift */,
			);
			path = DI;
			sourceTree = "<group>";
		};
		412F8FD427BC50EF00C9080D /* Services */ = {
			isa = PBXGroup;
			children = (
				412F8FD527BC510300C9080D /* AuthService.swift */,
				412F8FD727BC511400C9080D /* AirPortService.swift */,
			);
			path = Services;
			sourceTree = "<group>";
		};
		412F8FDB27BC63DF00C9080D /* Scene */ = {
			isa = PBXGroup;
			children = (
				412F8FE427BD181F00C9080D /* Common */,
				412F8FE327BD15D300C9080D /* AirPorts */,
				412F8FE227BD15C400C9080D /* Map */,
			);
			path = Scene;
			sourceTree = "<group>";
		};
		412F8FDC27BC63FD00C9080D /* Application */ = {
			isa = PBXGroup;
			children = (
				41E62BB527BA5F3D00772BB9 /* AppDelegate.swift */,
				412F900327BD4ADB00C9080D /* Application.swift */,
			);
			path = Application;
			sourceTree = "<group>";
		};
		412F8FDD27BC640C00C9080D /* Resources */ = {
			isa = PBXGroup;
			children = (
				41E62BBE27BA5F3F00772BB9 /* Assets.xcassets */,
				41E62BC027BA5F3F00772BB9 /* LaunchScreen.storyboard */,
				41E62BC327BA5F3F00772BB9 /* Info.plist */,
			);
			path = Resources;
			sourceTree = "<group>";
		};
		412F8FDE27BC653900C9080D /* Model */ = {
			isa = PBXGroup;
			children = (
				412F8FE027BC656200C9080D /* AirPortModel.swift */,
			);
			path = Model;
			sourceTree = "<group>";
		};
		412F8FDF27BC654100C9080D /* Utility */ = {
			isa = PBXGroup;
			children = (
				412F8FE727BD18C700C9080D /* MainNavigationController.swift */,
				412F8FE927BD191000C9080D /* Reusable.swift */,
				412F8FEB27BD193700C9080D /* ErrorTracker.swift */,
				412F8FED27BD195E00C9080D /* ActivityIndicator.swift */,
				412F8FEF27BD197A00C9080D /* Observable+Ext.swift */,
				4167963927BD8C50008EBE6C /* RadarView.swift */,
			);
			path = Utility;
			sourceTree = "<group>";
		};
		412F8FE227BD15C400C9080D /* Map */ = {
			isa = PBXGroup;
			children = (
				412F8FF127BD1BEA00C9080D /* VM */,
				412F8FF427BD1C2500C9080D /* MapPointNavigator.swift */,
				412F900927BD6FF700C9080D /* MapPointViewController.swift */,
				412F900A27BD6FF700C9080D /* MapPointViewController.xib */,
			);
			path = Map;
			sourceTree = "<group>";
		};
		412F8FE327BD15D300C9080D /* AirPorts */ = {
			isa = PBXGroup;
			children = (
				4167963D27BE74B3008EBE6C /* Cell */,
				412F8FFA27BD1C9100C9080D /* VM */,
				412F8FFD27BD1CDE00C9080D /* AirPortNavigator.swift */,
				412F8FFF27BD1CEF00C9080D /* AirPortViewController.swift */,
				412F900027BD1CEF00C9080D /* AirPortViewController.xib */,
			);
			path = AirPorts;
			sourceTree = "<group>";
		};
		412F8FE427BD181F00C9080D /* Common */ = {
			isa = PBXGroup;
			children = (
				412F8FE527BD182C00C9080D /* ViewModelType.swift */,
				4167963B27BDAA61008EBE6C /* BaseViewController.swift */,
			);
			path = Common;
			sourceTree = "<group>";
		};
		412F8FF127BD1BEA00C9080D /* VM */ = {
			isa = PBXGroup;
			children = (
				412F8FF227BD1C0400C9080D /* MapPointViewModel.swift */,
			);
			path = VM;
			sourceTree = "<group>";
		};
		412F8FFA27BD1C9100C9080D /* VM */ = {
			isa = PBXGroup;
			children = (
				412F8FFB27BD1CA600C9080D /* AirPortViewModel.swift */,
			);
			path = VM;
			sourceTree = "<group>";
		};
		4167963D27BE74B3008EBE6C /* Cell */ = {
			isa = PBXGroup;
			children = (
				4167963E27BE74D2008EBE6C /* AirPortTableViewCell.swift */,
				4167963F27BE74D2008EBE6C /* AirPortTableViewCell.xib */,
			);
			path = Cell;
			sourceTree = "<group>";
		};
		4189492127BBE769008B426F /* NetworkPlatform */ = {
			isa = PBXGroup;
			children = (
				412F8FD427BC50EF00C9080D /* Services */,
				412F8FCF27BC4FB100C9080D /* DI */,
				412F8FC627BC30B700C9080D /* UseCases */,
				412F8FC327BC29D300C9080D /* Utility */,
				412F8FBE27BC182F00C9080D /* Network */,
				4189492227BBE769008B426F /* NetworkPlatform.h */,
			);
			path = NetworkPlatform;
			sourceTree = "<group>";
		};
		4189492D27BBE769008B426F /* NetworkPlatformTests */ = {
			isa = PBXGroup;
			children = (
				4189492E27BBE769008B426F /* NetworkPlatformTests.swift */,
			);
			path = NetworkPlatformTests;
			sourceTree = "<group>";
		};
		41E62BA927BA5F3D00772BB9 = {
			isa = PBXGroup;
			children = (
				41E62BB427BA5F3D00772BB9 /* SamanTest */,
				41E62BCF27BA5F7E00772BB9 /* Domain */,
				41E62BDB27BA5F7E00772BB9 /* DomainTests */,
				41E62C1227BA63C200772BB9 /* SamanTestTests */,
				41E62C1F27BA63D200772BB9 /* SamanTestUITests */,
				4189492127BBE769008B426F /* NetworkPlatform */,
				4189492D27BBE769008B426F /* NetworkPlatformTests */,
				41E62BB327BA5F3D00772BB9 /* Products */,
				67F6712FECA984EE84C75788 /* Pods */,
				8FE5D6432188DD65A91CD9C4 /* Frameworks */,
			);
			sourceTree = "<group>";
		};
		41E62BB327BA5F3D00772BB9 /* Products */ = {
			isa = PBXGroup;
			children = (
				41E62BB227BA5F3D00772BB9 /* SamanTest.app */,
				41E62BCE27BA5F7E00772BB9 /* Domain.framework */,
				41E62BD527BA5F7E00772BB9 /* DomainTests.xctest */,
				41E62C1127BA63C200772BB9 /* SamanTestTests.xctest */,
				41E62C1E27BA63D200772BB9 /* SamanTestUITests.xctest */,
				4189492027BBE769008B426F /* NetworkPlatform.framework */,
				4189492727BBE769008B426F /* NetworkPlatformTests.xctest */,
			);
			name = Products;
			sourceTree = "<group>";
		};
		41E62BB427BA5F3D00772BB9 /* SamanTest */ = {
			isa = PBXGroup;
			children = (
				412F8FDF27BC654100C9080D /* Utility */,
				412F8FDE27BC653900C9080D /* Model */,
				412F8FDD27BC640C00C9080D /* Resources */,
				412F8FDC27BC63FD00C9080D /* Application */,
				412F8FDB27BC63DF00C9080D /* Scene */,
			);
			path = SamanTest;
			sourceTree = "<group>";
		};
		41E62BCF27BA5F7E00772BB9 /* Domain */ = {
			isa = PBXGroup;
			children = (
				41E62C4E27BAF3DB00772BB9 /* UseCases */,
				41E62C4D27BAF3C900772BB9 /* Utilities */,
				41E62C4C27BAF3AF00772BB9 /* Entities */,
				41E62BD027BA5F7E00772BB9 /* Domain.h */,
			);
			path = Domain;
			sourceTree = "<group>";
		};
		41E62BDB27BA5F7E00772BB9 /* DomainTests */ = {
			isa = PBXGroup;
			children = (
				41E62BDC27BA5F7E00772BB9 /* DomainTests.swift */,
			);
			path = DomainTests;
			sourceTree = "<group>";
		};
		41E62C1227BA63C200772BB9 /* SamanTestTests */ = {
			isa = PBXGroup;
			children = (
				41E62C1327BA63C200772BB9 /* SamanTestTests.swift */,
				41B1663127BEF66500BDCFBE /* AirPortUseCaseMock.swift */,
				41B1663327BEF77800BDCFBE /* MapNavigatorMock.swift */,
			);
			path = SamanTestTests;
			sourceTree = "<group>";
		};
		41E62C1F27BA63D200772BB9 /* SamanTestUITests */ = {
			isa = PBXGroup;
			children = (
				41E62C2027BA63D200772BB9 /* SamanTestUITests.swift */,
				41E62C2227BA63D200772BB9 /* SamanTestUITestsLaunchTests.swift */,
			);
			path = SamanTestUITests;
			sourceTree = "<group>";
		};
		41E62C4C27BAF3AF00772BB9 /* Entities */ = {
			isa = PBXGroup;
			children = (
				41E62C5327BAF85F00772BB9 /* AuthModel.swift */,
				41E62C5527BAFE6800772BB9 /* AirPort.swift */,
				41E62C5727BB094C00772BB9 /* CustomError.swift */,
			);
			path = Entities;
			sourceTree = "<group>";
		};
		41E62C4D27BAF3C900772BB9 /* Utilities */ = {
			isa = PBXGroup;
			children = (
				41E62C4F27BAF41900772BB9 /* ServiceRouter.swift */,
				41E62C5127BAF6FC00772BB9 /* AppSetting.swift */,
				41E62C5D27BB168000772BB9 /* SamanError.swift */,
			);
			path = Utilities;
			sourceTree = "<group>";
		};
		41E62C4E27BAF3DB00772BB9 /* UseCases */ = {
			isa = PBXGroup;
			children = (
				412F8FC727BC476400C9080D /* AirPortUseCase.swift */,
				412F8FCB27BC4AF200C9080D /* UseCaseProvider.swift */,
			);
			path = UseCases;
			sourceTree = "<group>";
		};
		67F6712FECA984EE84C75788 /* Pods */ = {
			isa = PBXGroup;
			children = (
				6F0822BFE889E388BF58B830 /* Pods-Data.debug.xcconfig */,
				DEA82CE1A5BEE1F284778C18 /* Pods-Data.release.xcconfig */,
				B9AE299577C3EED17CB83776 /* Pods-DataTests.debug.xcconfig */,
				CCB23F652DEBCD03834D056A /* Pods-DataTests.release.xcconfig */,
				E702FEB3866B972656C8CF13 /* Pods-Domain.debug.xcconfig */,
				77AEB563813CA9A409BA36E5 /* Pods-Domain.release.xcconfig */,
				CE2D08E4E10DD7FA77960161 /* Pods-DomainTests.debug.xcconfig */,
				9EBA902FDAB2C3C21AC6AC8F /* Pods-DomainTests.release.xcconfig */,
				C688A175B1F56BEB9332C71A /* Pods-SamanTest.debug.xcconfig */,
				422731858E8C62CA4B0F3008 /* Pods-SamanTest.release.xcconfig */,
				2186B396885778BA8904F423 /* Pods-SamanTest-SamanTestUITests.debug.xcconfig */,
				905F0D1413E420ED24AB4A8A /* Pods-SamanTest-SamanTestUITests.release.xcconfig */,
				4DD6165B4A97A63BD16EDB59 /* Pods-SamanTestTests.debug.xcconfig */,
				C31FFB5CF9CF275A30FBFA49 /* Pods-SamanTestTests.release.xcconfig */,
				AAC3AF5BD9634B38EE610559 /* Pods-NetworkPlatform.debug.xcconfig */,
				DD189BED1D37130419D7DB02 /* Pods-NetworkPlatform.release.xcconfig */,
				54A388E6723B97B17173AC78 /* Pods-NetworkPlatformTests.debug.xcconfig */,
				3B2160DA152C0CA22F1EC37B /* Pods-NetworkPlatformTests.release.xcconfig */,
			);
			path = Pods;
			sourceTree = "<group>";
		};
		8FE5D6432188DD65A91CD9C4 /* Frameworks */ = {
			isa = PBXGroup;
			children = (
				41E62C3627BAE50400772BB9 /* Kingfisher.framework */,
				41E62C3727BAE50400772BB9 /* NVActivityIndicatorView.framework */,
				41E62C3827BAE50400772BB9 /* RxCocoa.framework */,
				41E62C3927BAE50400772BB9 /* RxSwift.framework */,
				41E62C2927BAE48400772BB9 /* Alamofire.framework */,
				41E62C2A27BAE48400772BB9 /* KeychainAccess.framework */,
				41E62C2B27BAE48400772BB9 /* Resolver.framework */,
				41E62C2C27BAE48400772BB9 /* RxSwift.framework */,
				05E1B0F9ACECC9E5C5EE072D /* Pods_Data.framework */,
				B1F29785B4C3796463CCAE7F /* Pods_DataTests.framework */,
				F3A810FE93A1108C0F208F79 /* Pods_Domain.framework */,
				BF27A0D47C4039E783D43212 /* Pods_DomainTests.framework */,
				040FCA85F65CF018B73A8683 /* Pods_SamanTest.framework */,
				41F845A3FCFEF2C349A4E6A3 /* Pods_SamanTest_SamanTestUITests.framework */,
				A43AACCDE31337C758043110 /* Pods_SamanTestTests.framework */,
				63F4C897CD3498B7518F3A85 /* Pods_NetworkPlatform.framework */,
				F161A40BFD95D00DA1939476 /* Pods_NetworkPlatformTests.framework */,
			);
			name = Frameworks;
			sourceTree = "<group>";
		};
/* End PBXGroup section */

/* Begin PBXHeadersBuildPhase section */
		4189491B27BBE769008B426F /* Headers */ = {
			isa = PBXHeadersBuildPhase;
			buildActionMask = 2147483647;
			files = (
				4189493027BBE769008B426F /* NetworkPlatform.h in Headers */,
			);
			runOnlyForDeploymentPostprocessing = 0;
		};
		41E62BC927BA5F7E00772BB9 /* Headers */ = {
			isa = PBXHeadersBuildPhase;
			buildActionMask = 2147483647;
			files = (
				41E62BDE27BA5F7E00772BB9 /* Domain.h in Headers */,
			);
			runOnlyForDeploymentPostprocessing = 0;
		};
/* End PBXHeadersBuildPhase section */

/* Begin PBXNativeTarget section */
		4189491F27BBE769008B426F /* NetworkPlatform */ = {
			isa = PBXNativeTarget;
			buildConfigurationList = 4189493527BBE769008B426F /* Build configuration list for PBXNativeTarget "NetworkPlatform" */;
			buildPhases = (
				30476500B5098E51C6088A69 /* [CP] Check Pods Manifest.lock */,
				4189491B27BBE769008B426F /* Headers */,
				4189491C27BBE769008B426F /* Sources */,
				4189491D27BBE769008B426F /* Frameworks */,
				4189491E27BBE769008B426F /* Resources */,
				4189493F27BBE7E5008B426F /* Embed Frameworks */,
			);
			buildRules = (
			);
			dependencies = (
				4189493E27BBE7E5008B426F /* PBXTargetDependency */,
			);
			name = NetworkPlatform;
			productName = NetworkPlatform;
			productReference = 4189492027BBE769008B426F /* NetworkPlatform.framework */;
			productType = "com.apple.product-type.framework";
		};
		4189492627BBE769008B426F /* NetworkPlatformTests */ = {
			isa = PBXNativeTarget;
			buildConfigurationList = 4189493827BBE769008B426F /* Build configuration list for PBXNativeTarget "NetworkPlatformTests" */;
			buildPhases = (
				5DD47D32500184CDD58CA056 /* [CP] Check Pods Manifest.lock */,
				4189492327BBE769008B426F /* Sources */,
				4189492427BBE769008B426F /* Frameworks */,
				4189492527BBE769008B426F /* Resources */,
				F4CC130E38687E6AEB1547DA /* [CP] Embed Pods Frameworks */,
			);
			buildRules = (
			);
			dependencies = (
				4189492A27BBE769008B426F /* PBXTargetDependency */,
				4189492C27BBE769008B426F /* PBXTargetDependency */,
			);
			name = NetworkPlatformTests;
			productName = NetworkPlatformTests;
			productReference = 4189492727BBE769008B426F /* NetworkPlatformTests.xctest */;
			productType = "com.apple.product-type.bundle.unit-test";
		};
		41E62BB127BA5F3D00772BB9 /* SamanTest */ = {
			isa = PBXNativeTarget;
			buildConfigurationList = 41E62BC627BA5F3F00772BB9 /* Build configuration list for PBXNativeTarget "SamanTest" */;
			buildPhases = (
				999020EBCA89D41533AE8870 /* [CP] Check Pods Manifest.lock */,
				41E62BAE27BA5F3D00772BB9 /* Sources */,
				41E62BAF27BA5F3D00772BB9 /* Frameworks */,
				41E62BB027BA5F3D00772BB9 /* Resources */,
				41E62BE627BA5F7F00772BB9 /* Embed Frameworks */,
				728D577C2ECAC4178F01C38E /* [CP] Embed Pods Frameworks */,
			);
			buildRules = (
			);
			dependencies = (
				41E62BE027BA5F7E00772BB9 /* PBXTargetDependency */,
				4189493227BBE769008B426F /* PBXTargetDependency */,
			);
			name = SamanTest;
			productName = SamanTest;
			productReference = 41E62BB227BA5F3D00772BB9 /* SamanTest.app */;
			productType = "com.apple.product-type.application";
		};
		41E62BCD27BA5F7E00772BB9 /* Domain */ = {
			isa = PBXNativeTarget;
			buildConfigurationList = 41E62BE327BA5F7F00772BB9 /* Build configuration list for PBXNativeTarget "Domain" */;
			buildPhases = (
				07E13620FA7B17A82D217342 /* [CP] Check Pods Manifest.lock */,
				41E62BC927BA5F7E00772BB9 /* Headers */,
				41E62BCA27BA5F7E00772BB9 /* Sources */,
				41E62BCB27BA5F7E00772BB9 /* Frameworks */,
				41E62BCC27BA5F7E00772BB9 /* Resources */,
			);
			buildRules = (
			);
			dependencies = (
			);
			name = Domain;
			productName = Domain;
			productReference = 41E62BCE27BA5F7E00772BB9 /* Domain.framework */;
			productType = "com.apple.product-type.framework";
		};
		41E62BD427BA5F7E00772BB9 /* DomainTests */ = {
			isa = PBXNativeTarget;
			buildConfigurationList = 41E62BE727BA5F7F00772BB9 /* Build configuration list for PBXNativeTarget "DomainTests" */;
			buildPhases = (
				F6F44E27A9758061B647F5C2 /* [CP] Check Pods Manifest.lock */,
				41E62BD127BA5F7E00772BB9 /* Sources */,
				41E62BD227BA5F7E00772BB9 /* Frameworks */,
				41E62BD327BA5F7E00772BB9 /* Resources */,
				68B52819738ED296DD4B6ECD /* [CP] Embed Pods Frameworks */,
			);
			buildRules = (
			);
			dependencies = (
				41E62BD827BA5F7E00772BB9 /* PBXTargetDependency */,
				41E62BDA27BA5F7E00772BB9 /* PBXTargetDependency */,
			);
			name = DomainTests;
			productName = DomainTests;
			productReference = 41E62BD527BA5F7E00772BB9 /* DomainTests.xctest */;
			productType = "com.apple.product-type.bundle.unit-test";
		};
		41E62C1027BA63C200772BB9 /* SamanTestTests */ = {
			isa = PBXNativeTarget;
			buildConfigurationList = 41E62C1927BA63C200772BB9 /* Build configuration list for PBXNativeTarget "SamanTestTests" */;
			buildPhases = (
				505223A0C3B8D2B0E201D22F /* [CP] Check Pods Manifest.lock */,
				41E62C0D27BA63C200772BB9 /* Sources */,
				41E62C0E27BA63C200772BB9 /* Frameworks */,
				41E62C0F27BA63C200772BB9 /* Resources */,
				039E2974DD48C601AD6B09BE /* [CP] Embed Pods Frameworks */,
			);
			buildRules = (
			);
			dependencies = (
				41E62C1627BA63C200772BB9 /* PBXTargetDependency */,
			);
			name = SamanTestTests;
			productName = SamanTestTests;
			productReference = 41E62C1127BA63C200772BB9 /* SamanTestTests.xctest */;
			productType = "com.apple.product-type.bundle.unit-test";
		};
		41E62C1D27BA63D100772BB9 /* SamanTestUITests */ = {
			isa = PBXNativeTarget;
			buildConfigurationList = 41E62C2627BA63D200772BB9 /* Build configuration list for PBXNativeTarget "SamanTestUITests" */;
			buildPhases = (
				AE7F0EE54C7B3C3FBB449241 /* [CP] Check Pods Manifest.lock */,
				41E62C1A27BA63D100772BB9 /* Sources */,
				41E62C1B27BA63D100772BB9 /* Frameworks */,
				41E62C1C27BA63D100772BB9 /* Resources */,
				E9AA186A536CE39C877A12DF /* [CP] Embed Pods Frameworks */,
			);
			buildRules = (
			);
			dependencies = (
				41E62C2527BA63D200772BB9 /* PBXTargetDependency */,
			);
			name = SamanTestUITests;
			productName = SamanTestUITests;
			productReference = 41E62C1E27BA63D200772BB9 /* SamanTestUITests.xctest */;
			productType = "com.apple.product-type.bundle.ui-testing";
		};
/* End PBXNativeTarget section */

/* Begin PBXProject section */
		41E62BAA27BA5F3D00772BB9 /* Project object */ = {
			isa = PBXProject;
			attributes = {
				BuildIndependentTargetsInParallel = 1;
				LastSwiftUpdateCheck = 1310;
				LastUpgradeCheck = 1310;
				TargetAttributes = {
					4189491F27BBE769008B426F = {
						CreatedOnToolsVersion = 13.1;
						LastSwiftMigration = 1310;
					};
					4189492627BBE769008B426F = {
						CreatedOnToolsVersion = 13.1;
						TestTargetID = 41E62BB127BA5F3D00772BB9;
					};
					41E62BB127BA5F3D00772BB9 = {
						CreatedOnToolsVersion = 13.1;
					};
					41E62BCD27BA5F7E00772BB9 = {
						CreatedOnToolsVersion = 13.1;
						LastSwiftMigration = 1310;
					};
					41E62BD427BA5F7E00772BB9 = {
						CreatedOnToolsVersion = 13.1;
						TestTargetID = 41E62BB127BA5F3D00772BB9;
					};
					41E62C1027BA63C200772BB9 = {
						CreatedOnToolsVersion = 13.1;
						TestTargetID = 41E62BB127BA5F3D00772BB9;
					};
					41E62C1D27BA63D100772BB9 = {
						CreatedOnToolsVersion = 13.1;
						TestTargetID = 41E62BB127BA5F3D00772BB9;
					};
				};
			};
			buildConfigurationList = 41E62BAD27BA5F3D00772BB9 /* Build configuration list for PBXProject "SamanTest" */;
			compatibilityVersion = "Xcode 13.0";
			developmentRegion = en;
			hasScannedForEncodings = 0;
			knownRegions = (
				en,
				Base,
			);
			mainGroup = 41E62BA927BA5F3D00772BB9;
			productRefGroup = 41E62BB327BA5F3D00772BB9 /* Products */;
			projectDirPath = "";
			projectRoot = "";
			targets = (
				41E62BB127BA5F3D00772BB9 /* SamanTest */,
				41E62BCD27BA5F7E00772BB9 /* Domain */,
				41E62BD427BA5F7E00772BB9 /* DomainTests */,
				41E62C1027BA63C200772BB9 /* SamanTestTests */,
				41E62C1D27BA63D100772BB9 /* SamanTestUITests */,
				4189491F27BBE769008B426F /* NetworkPlatform */,
				4189492627BBE769008B426F /* NetworkPlatformTests */,
			);
		};
/* End PBXProject section */

/* Begin PBXResourcesBuildPhase section */
		4189491E27BBE769008B426F /* Resources */ = {
			isa = PBXResourcesBuildPhase;
			buildActionMask = 2147483647;
			files = (
			);
			runOnlyForDeploymentPostprocessing = 0;
		};
		4189492527BBE769008B426F /* Resources */ = {
			isa = PBXResourcesBuildPhase;
			buildActionMask = 2147483647;
			files = (
			);
			runOnlyForDeploymentPostprocessing = 0;
		};
		41E62BB027BA5F3D00772BB9 /* Resources */ = {
			isa = PBXResourcesBuildPhase;
			buildActionMask = 2147483647;
			files = (
				41E62BC227BA5F3F00772BB9 /* LaunchScreen.storyboard in Resources */,
				412F900227BD1CEF00C9080D /* AirPortViewController.xib in Resources */,
				412F900C27BD6FF700C9080D /* MapPointViewController.xib in Resources */,
				4167964127BE74D2008EBE6C /* AirPortTableViewCell.xib in Resources */,
				41E62BBF27BA5F3F00772BB9 /* Assets.xcassets in Resources */,
			);
			runOnlyForDeploymentPostprocessing = 0;
		};
		41E62BCC27BA5F7E00772BB9 /* Resources */ = {
			isa = PBXResourcesBuildPhase;
			buildActionMask = 2147483647;
			files = (
			);
			runOnlyForDeploymentPostprocessing = 0;
		};
		41E62BD327BA5F7E00772BB9 /* Resources */ = {
			isa = PBXResourcesBuildPhase;
			buildActionMask = 2147483647;
			files = (
			);
			runOnlyForDeploymentPostprocessing = 0;
		};
		41E62C0F27BA63C200772BB9 /* Resources */ = {
			isa = PBXResourcesBuildPhase;
			buildActionMask = 2147483647;
			files = (
			);
			runOnlyForDeploymentPostprocessing = 0;
		};
		41E62C1C27BA63D100772BB9 /* Resources */ = {
			isa = PBXResourcesBuildPhase;
			buildActionMask = 2147483647;
			files = (
			);
			runOnlyForDeploymentPostprocessing = 0;
		};
/* End PBXResourcesBuildPhase section */

/* Begin PBXShellScriptBuildPhase section */
		039E2974DD48C601AD6B09BE /* [CP] Embed Pods Frameworks */ = {
			isa = PBXShellScriptBuildPhase;
			buildActionMask = 2147483647;
			files = (
			);
			inputFileListPaths = (
				"${PODS_ROOT}/Target Support Files/Pods-SamanTestTests/Pods-SamanTestTests-frameworks-${CONFIGURATION}-input-files.xcfilelist",
			);
			name = "[CP] Embed Pods Frameworks";
			outputFileListPaths = (
				"${PODS_ROOT}/Target Support Files/Pods-SamanTestTests/Pods-SamanTestTests-frameworks-${CONFIGURATION}-output-files.xcfilelist",
			);
			runOnlyForDeploymentPostprocessing = 0;
			shellPath = /bin/sh;
			shellScript = "\"${PODS_ROOT}/Target Support Files/Pods-SamanTestTests/Pods-SamanTestTests-frameworks.sh\"\n";
			showEnvVarsInLog = 0;
		};
		07E13620FA7B17A82D217342 /* [CP] Check Pods Manifest.lock */ = {
			isa = PBXShellScriptBuildPhase;
			buildActionMask = 2147483647;
			files = (
			);
			inputFileListPaths = (
			);
			inputPaths = (
				"${PODS_PODFILE_DIR_PATH}/Podfile.lock",
				"${PODS_ROOT}/Manifest.lock",
			);
			name = "[CP] Check Pods Manifest.lock";
			outputFileListPaths = (
			);
			outputPaths = (
				"$(DERIVED_FILE_DIR)/Pods-Domain-checkManifestLockResult.txt",
			);
			runOnlyForDeploymentPostprocessing = 0;
			shellPath = /bin/sh;
			shellScript = "diff \"${PODS_PODFILE_DIR_PATH}/Podfile.lock\" \"${PODS_ROOT}/Manifest.lock\" > /dev/null\nif [ $? != 0 ] ; then\n    # print error to STDERR\n    echo \"error: The sandbox is not in sync with the Podfile.lock. Run 'pod install' or update your CocoaPods installation.\" >&2\n    exit 1\nfi\n# This output is used by Xcode 'outputs' to avoid re-running this script phase.\necho \"SUCCESS\" > \"${SCRIPT_OUTPUT_FILE_0}\"\n";
			showEnvVarsInLog = 0;
		};
		30476500B5098E51C6088A69 /* [CP] Check Pods Manifest.lock */ = {
			isa = PBXShellScriptBuildPhase;
			buildActionMask = 2147483647;
			files = (
			);
			inputFileListPaths = (
			);
			inputPaths = (
				"${PODS_PODFILE_DIR_PATH}/Podfile.lock",
				"${PODS_ROOT}/Manifest.lock",
			);
			name = "[CP] Check Pods Manifest.lock";
			outputFileListPaths = (
			);
			outputPaths = (
				"$(DERIVED_FILE_DIR)/Pods-NetworkPlatform-checkManifestLockResult.txt",
			);
			runOnlyForDeploymentPostprocessing = 0;
			shellPath = /bin/sh;
			shellScript = "diff \"${PODS_PODFILE_DIR_PATH}/Podfile.lock\" \"${PODS_ROOT}/Manifest.lock\" > /dev/null\nif [ $? != 0 ] ; then\n    # print error to STDERR\n    echo \"error: The sandbox is not in sync with the Podfile.lock. Run 'pod install' or update your CocoaPods installation.\" >&2\n    exit 1\nfi\n# This output is used by Xcode 'outputs' to avoid re-running this script phase.\necho \"SUCCESS\" > \"${SCRIPT_OUTPUT_FILE_0}\"\n";
			showEnvVarsInLog = 0;
		};
		505223A0C3B8D2B0E201D22F /* [CP] Check Pods Manifest.lock */ = {
			isa = PBXShellScriptBuildPhase;
			buildActionMask = 2147483647;
			files = (
			);
			inputFileListPaths = (
			);
			inputPaths = (
				"${PODS_PODFILE_DIR_PATH}/Podfile.lock",
				"${PODS_ROOT}/Manifest.lock",
			);
			name = "[CP] Check Pods Manifest.lock";
			outputFileListPaths = (
			);
			outputPaths = (
				"$(DERIVED_FILE_DIR)/Pods-SamanTestTests-checkManifestLockResult.txt",
			);
			runOnlyForDeploymentPostprocessing = 0;
			shellPath = /bin/sh;
			shellScript = "diff \"${PODS_PODFILE_DIR_PATH}/Podfile.lock\" \"${PODS_ROOT}/Manifest.lock\" > /dev/null\nif [ $? != 0 ] ; then\n    # print error to STDERR\n    echo \"error: The sandbox is not in sync with the Podfile.lock. Run 'pod install' or update your CocoaPods installation.\" >&2\n    exit 1\nfi\n# This output is used by Xcode 'outputs' to avoid re-running this script phase.\necho \"SUCCESS\" > \"${SCRIPT_OUTPUT_FILE_0}\"\n";
			showEnvVarsInLog = 0;
		};
		5DD47D32500184CDD58CA056 /* [CP] Check Pods Manifest.lock */ = {
			isa = PBXShellScriptBuildPhase;
			buildActionMask = 2147483647;
			files = (
			);
			inputFileListPaths = (
			);
			inputPaths = (
				"${PODS_PODFILE_DIR_PATH}/Podfile.lock",
				"${PODS_ROOT}/Manifest.lock",
			);
			name = "[CP] Check Pods Manifest.lock";
			outputFileListPaths = (
			);
			outputPaths = (
				"$(DERIVED_FILE_DIR)/Pods-NetworkPlatformTests-checkManifestLockResult.txt",
			);
			runOnlyForDeploymentPostprocessing = 0;
			shellPath = /bin/sh;
			shellScript = "diff \"${PODS_PODFILE_DIR_PATH}/Podfile.lock\" \"${PODS_ROOT}/Manifest.lock\" > /dev/null\nif [ $? != 0 ] ; then\n    # print error to STDERR\n    echo \"error: The sandbox is not in sync with the Podfile.lock. Run 'pod install' or update your CocoaPods installation.\" >&2\n    exit 1\nfi\n# This output is used by Xcode 'outputs' to avoid re-running this script phase.\necho \"SUCCESS\" > \"${SCRIPT_OUTPUT_FILE_0}\"\n";
			showEnvVarsInLog = 0;
		};
		68B52819738ED296DD4B6ECD /* [CP] Embed Pods Frameworks */ = {
			isa = PBXShellScriptBuildPhase;
			buildActionMask = 2147483647;
			files = (
			);
			inputFileListPaths = (
				"${PODS_ROOT}/Target Support Files/Pods-DomainTests/Pods-DomainTests-frameworks-${CONFIGURATION}-input-files.xcfilelist",
			);
			name = "[CP] Embed Pods Frameworks";
			outputFileListPaths = (
				"${PODS_ROOT}/Target Support Files/Pods-DomainTests/Pods-DomainTests-frameworks-${CONFIGURATION}-output-files.xcfilelist",
			);
			runOnlyForDeploymentPostprocessing = 0;
			shellPath = /bin/sh;
			shellScript = "\"${PODS_ROOT}/Target Support Files/Pods-DomainTests/Pods-DomainTests-frameworks.sh\"\n";
			showEnvVarsInLog = 0;
		};
		728D577C2ECAC4178F01C38E /* [CP] Embed Pods Frameworks */ = {
			isa = PBXShellScriptBuildPhase;
			buildActionMask = 2147483647;
			files = (
			);
			inputFileListPaths = (
				"${PODS_ROOT}/Target Support Files/Pods-SamanTest/Pods-SamanTest-frameworks-${CONFIGURATION}-input-files.xcfilelist",
			);
			name = "[CP] Embed Pods Frameworks";
			outputFileListPaths = (
				"${PODS_ROOT}/Target Support Files/Pods-SamanTest/Pods-SamanTest-frameworks-${CONFIGURATION}-output-files.xcfilelist",
			);
			runOnlyForDeploymentPostprocessing = 0;
			shellPath = /bin/sh;
			shellScript = "\"${PODS_ROOT}/Target Support Files/Pods-SamanTest/Pods-SamanTest-frameworks.sh\"\n";
			showEnvVarsInLog = 0;
		};
		999020EBCA89D41533AE8870 /* [CP] Check Pods Manifest.lock */ = {
			isa = PBXShellScriptBuildPhase;
			buildActionMask = 2147483647;
			files = (
			);
			inputFileListPaths = (
			);
			inputPaths = (
				"${PODS_PODFILE_DIR_PATH}/Podfile.lock",
				"${PODS_ROOT}/Manifest.lock",
			);
			name = "[CP] Check Pods Manifest.lock";
			outputFileListPaths = (
			);
			outputPaths = (
				"$(DERIVED_FILE_DIR)/Pods-SamanTest-checkManifestLockResult.txt",
			);
			runOnlyForDeploymentPostprocessing = 0;
			shellPath = /bin/sh;
			shellScript = "diff \"${PODS_PODFILE_DIR_PATH}/Podfile.lock\" \"${PODS_ROOT}/Manifest.lock\" > /dev/null\nif [ $? != 0 ] ; then\n    # print error to STDERR\n    echo \"error: The sandbox is not in sync with the Podfile.lock. Run 'pod install' or update your CocoaPods installation.\" >&2\n    exit 1\nfi\n# This output is used by Xcode 'outputs' to avoid re-running this script phase.\necho \"SUCCESS\" > \"${SCRIPT_OUTPUT_FILE_0}\"\n";
			showEnvVarsInLog = 0;
		};
		AE7F0EE54C7B3C3FBB449241 /* [CP] Check Pods Manifest.lock */ = {
			isa = PBXShellScriptBuildPhase;
			buildActionMask = 2147483647;
			files = (
			);
			inputFileListPaths = (
			);
			inputPaths = (
				"${PODS_PODFILE_DIR_PATH}/Podfile.lock",
				"${PODS_ROOT}/Manifest.lock",
			);
			name = "[CP] Check Pods Manifest.lock";
			outputFileListPaths = (
			);
			outputPaths = (
				"$(DERIVED_FILE_DIR)/Pods-SamanTest-SamanTestUITests-checkManifestLockResult.txt",
			);
			runOnlyForDeploymentPostprocessing = 0;
			shellPath = /bin/sh;
			shellScript = "diff \"${PODS_PODFILE_DIR_PATH}/Podfile.lock\" \"${PODS_ROOT}/Manifest.lock\" > /dev/null\nif [ $? != 0 ] ; then\n    # print error to STDERR\n    echo \"error: The sandbox is not in sync with the Podfile.lock. Run 'pod install' or update your CocoaPods installation.\" >&2\n    exit 1\nfi\n# This output is used by Xcode 'outputs' to avoid re-running this script phase.\necho \"SUCCESS\" > \"${SCRIPT_OUTPUT_FILE_0}\"\n";
			showEnvVarsInLog = 0;
		};
		E9AA186A536CE39C877A12DF /* [CP] Embed Pods Frameworks */ = {
			isa = PBXShellScriptBuildPhase;
			buildActionMask = 2147483647;
			files = (
			);
			inputFileListPaths = (
				"${PODS_ROOT}/Target Support Files/Pods-SamanTest-SamanTestUITests/Pods-SamanTest-SamanTestUITests-frameworks-${CONFIGURATION}-input-files.xcfilelist",
			);
			name = "[CP] Embed Pods Frameworks";
			outputFileListPaths = (
				"${PODS_ROOT}/Target Support Files/Pods-SamanTest-SamanTestUITests/Pods-SamanTest-SamanTestUITests-frameworks-${CONFIGURATION}-output-files.xcfilelist",
			);
			runOnlyForDeploymentPostprocessing = 0;
			shellPath = /bin/sh;
			shellScript = "\"${PODS_ROOT}/Target Support Files/Pods-SamanTest-SamanTestUITests/Pods-SamanTest-SamanTestUITests-frameworks.sh\"\n";
			showEnvVarsInLog = 0;
		};
		F4CC130E38687E6AEB1547DA /* [CP] Embed Pods Frameworks */ = {
			isa = PBXShellScriptBuildPhase;
			buildActionMask = 2147483647;
			files = (
			);
			inputFileListPaths = (
				"${PODS_ROOT}/Target Support Files/Pods-NetworkPlatformTests/Pods-NetworkPlatformTests-frameworks-${CONFIGURATION}-input-files.xcfilelist",
			);
			name = "[CP] Embed Pods Frameworks";
			outputFileListPaths = (
				"${PODS_ROOT}/Target Support Files/Pods-NetworkPlatformTests/Pods-NetworkPlatformTests-frameworks-${CONFIGURATION}-output-files.xcfilelist",
			);
			runOnlyForDeploymentPostprocessing = 0;
			shellPath = /bin/sh;
			shellScript = "\"${PODS_ROOT}/Target Support Files/Pods-NetworkPlatformTests/Pods-NetworkPlatformTests-frameworks.sh\"\n";
			showEnvVarsInLog = 0;
		};
		F6F44E27A9758061B647F5C2 /* [CP] Check Pods Manifest.lock */ = {
			isa = PBXShellScriptBuildPhase;
			buildActionMask = 2147483647;
			files = (
			);
			inputFileListPaths = (
			);
			inputPaths = (
				"${PODS_PODFILE_DIR_PATH}/Podfile.lock",
				"${PODS_ROOT}/Manifest.lock",
			);
			name = "[CP] Check Pods Manifest.lock";
			outputFileListPaths = (
			);
			outputPaths = (
				"$(DERIVED_FILE_DIR)/Pods-DomainTests-checkManifestLockResult.txt",
			);
			runOnlyForDeploymentPostprocessing = 0;
			shellPath = /bin/sh;
			shellScript = "diff \"${PODS_PODFILE_DIR_PATH}/Podfile.lock\" \"${PODS_ROOT}/Manifest.lock\" > /dev/null\nif [ $? != 0 ] ; then\n    # print error to STDERR\n    echo \"error: The sandbox is not in sync with the Podfile.lock. Run 'pod install' or update your CocoaPods installation.\" >&2\n    exit 1\nfi\n# This output is used by Xcode 'outputs' to avoid re-running this script phase.\necho \"SUCCESS\" > \"${SCRIPT_OUTPUT_FILE_0}\"\n";
			showEnvVarsInLog = 0;
		};
/* End PBXShellScriptBuildPhase section */

/* Begin PBXSourcesBuildPhase section */
		4189491C27BBE769008B426F /* Sources */ = {
			isa = PBXSourcesBuildPhase;
			buildActionMask = 2147483647;
			files = (
				412F8FDA27BC5AA100C9080D /* AirPortUseCase.swift in Sources */,
				412F8FC227BC20D400C9080D /* NetworkManager+RequestInterceptor.swift in Sources */,
				412F8FD827BC511400C9080D /* AirPortService.swift in Sources */,
				412F8FD127BC4FC700C9080D /* LazyInjecter.swift in Sources */,
				412F8FC527BC2A0400C9080D /* AuthorizationInfo.swift in Sources */,
				412F8FC027BC184A00C9080D /* NetworkManager.swift in Sources */,
				412F900627BD4B2000C9080D /* UseCaseProvider.swift in Sources */,
				412F8FD327BC501D00C9080D /* Service+Injection.swift in Sources */,
				412F8FD627BC510300C9080D /* AuthService.swift in Sources */,
			);
			runOnlyForDeploymentPostprocessing = 0;
		};
		4189492327BBE769008B426F /* Sources */ = {
			isa = PBXSourcesBuildPhase;
			buildActionMask = 2147483647;
			files = (
				4189492F27BBE769008B426F /* NetworkPlatformTests.swift in Sources */,
			);
			runOnlyForDeploymentPostprocessing = 0;
		};
		41E62BAE27BA5F3D00772BB9 /* Sources */ = {
			isa = PBXSourcesBuildPhase;
			buildActionMask = 2147483647;
			files = (
				412F900427BD4ADB00C9080D /* Application.swift in Sources */,
				412F8FF027BD197A00C9080D /* Observable+Ext.swift in Sources */,
				412F8FFC27BD1CA600C9080D /* AirPortViewModel.swift in Sources */,
				41E62BB627BA5F3D00772BB9 /* AppDelegate.swift in Sources */,
				412F900127BD1CEF00C9080D /* AirPortViewController.swift in Sources */,
				412F8FEC27BD193700C9080D /* ErrorTracker.swift in Sources */,
				412F8FE127BC656200C9080D /* AirPortModel.swift in Sources */,
				4167964027BE74D2008EBE6C /* AirPortTableViewCell.swift in Sources */,
				4167963C27BDAA61008EBE6C /* BaseViewController.swift in Sources */,
				412F8FF527BD1C2500C9080D /* MapPointNavigator.swift in Sources */,
				412F8FFE27BD1CDE00C9080D /* AirPortNavigator.swift in Sources */,
				412F8FF327BD1C0400C9080D /* MapPointViewModel.swift in Sources */,
				412F8FE827BD18C700C9080D /* MainNavigationController.swift in Sources */,
				412F8FEE27BD195E00C9080D /* ActivityIndicator.swift in Sources */,
				412F8FE627BD182C00C9080D /* ViewModelType.swift in Sources */,
				412F900B27BD6FF700C9080D /* MapPointViewController.swift in Sources */,
				412F8FEA27BD191000C9080D /* Reusable.swift in Sources */,
				4167963A27BD8C50008EBE6C /* RadarView.swift in Sources */,
			);
			runOnlyForDeploymentPostprocessing = 0;
		};
		41E62BCA27BA5F7E00772BB9 /* Sources */ = {
			isa = PBXSourcesBuildPhase;
			buildActionMask = 2147483647;
			files = (
				41E62C5827BB094C00772BB9 /* CustomError.swift in Sources */,
				41E62C5227BAF6FC00772BB9 /* AppSetting.swift in Sources */,
				41E62C5627BAFE6800772BB9 /* AirPort.swift in Sources */,
				412F8FC827BC476400C9080D /* AirPortUseCase.swift in Sources */,
				41E62C5027BAF41900772BB9 /* ServiceRouter.swift in Sources */,
				41E62C5427BAF85F00772BB9 /* AuthModel.swift in Sources */,
				41E62C5E27BB168000772BB9 /* SamanError.swift in Sources */,
				412F8FCC27BC4AF200C9080D /* UseCaseProvider.swift in Sources */,
			);
			runOnlyForDeploymentPostprocessing = 0;
		};
		41E62BD127BA5F7E00772BB9 /* Sources */ = {
			isa = PBXSourcesBuildPhase;
			buildActionMask = 2147483647;
			files = (
				41E62BDD27BA5F7E00772BB9 /* DomainTests.swift in Sources */,
			);
			runOnlyForDeploymentPostprocessing = 0;
		};
		41E62C0D27BA63C200772BB9 /* Sources */ = {
			isa = PBXSourcesBuildPhase;
			buildActionMask = 2147483647;
			files = (
				41E62C1427BA63C200772BB9 /* SamanTestTests.swift in Sources */,
				41B1663227BEF66500BDCFBE /* AirPortUseCaseMock.swift in Sources */,
				41B1663427BEF77800BDCFBE /* MapNavigatorMock.swift in Sources */,
			);
			runOnlyForDeploymentPostprocessing = 0;
		};
		41E62C1A27BA63D100772BB9 /* Sources */ = {
			isa = PBXSourcesBuildPhase;
			buildActionMask = 2147483647;
			files = (
				41E62C2127BA63D200772BB9 /* SamanTestUITests.swift in Sources */,
				41E62C2327BA63D200772BB9 /* SamanTestUITestsLaunchTests.swift in Sources */,
			);
			runOnlyForDeploymentPostprocessing = 0;
		};
/* End PBXSourcesBuildPhase section */

/* Begin PBXTargetDependency section */
		4189492A27BBE769008B426F /* PBXTargetDependency */ = {
			isa = PBXTargetDependency;
			target = 4189491F27BBE769008B426F /* NetworkPlatform */;
			targetProxy = 4189492927BBE769008B426F /* PBXContainerItemProxy */;
		};
		4189492C27BBE769008B426F /* PBXTargetDependency */ = {
			isa = PBXTargetDependency;
			target = 41E62BB127BA5F3D00772BB9 /* SamanTest */;
			targetProxy = 4189492B27BBE769008B426F /* PBXContainerItemProxy */;
		};
		4189493227BBE769008B426F /* PBXTargetDependency */ = {
			isa = PBXTargetDependency;
			target = 4189491F27BBE769008B426F /* NetworkPlatform */;
			targetProxy = 4189493127BBE769008B426F /* PBXContainerItemProxy */;
		};
		4189493E27BBE7E5008B426F /* PBXTargetDependency */ = {
			isa = PBXTargetDependency;
			platformFilter = ios;
			target = 41E62BCD27BA5F7E00772BB9 /* Domain */;
			targetProxy = 4189493D27BBE7E5008B426F /* PBXContainerItemProxy */;
		};
		41E62BD827BA5F7E00772BB9 /* PBXTargetDependency */ = {
			isa = PBXTargetDependency;
			target = 41E62BCD27BA5F7E00772BB9 /* Domain */;
			targetProxy = 41E62BD727BA5F7E00772BB9 /* PBXContainerItemProxy */;
		};
		41E62BDA27BA5F7E00772BB9 /* PBXTargetDependency */ = {
			isa = PBXTargetDependency;
			target = 41E62BB127BA5F3D00772BB9 /* SamanTest */;
			targetProxy = 41E62BD927BA5F7E00772BB9 /* PBXContainerItemProxy */;
		};
		41E62BE027BA5F7E00772BB9 /* PBXTargetDependency */ = {
			isa = PBXTargetDependency;
			target = 41E62BCD27BA5F7E00772BB9 /* Domain */;
			targetProxy = 41E62BDF27BA5F7E00772BB9 /* PBXContainerItemProxy */;
		};
		41E62C1627BA63C200772BB9 /* PBXTargetDependency */ = {
			isa = PBXTargetDependency;
			target = 41E62BB127BA5F3D00772BB9 /* SamanTest */;
			targetProxy = 41E62C1527BA63C200772BB9 /* PBXContainerItemProxy */;
		};
		41E62C2527BA63D200772BB9 /* PBXTargetDependency */ = {
			isa = PBXTargetDependency;
			target = 41E62BB127BA5F3D00772BB9 /* SamanTest */;
			targetProxy = 41E62C2427BA63D200772BB9 /* PBXContainerItemProxy */;
		};
/* End PBXTargetDependency section */

/* Begin PBXVariantGroup section */
		41E62BC027BA5F3F00772BB9 /* LaunchScreen.storyboard */ = {
			isa = PBXVariantGroup;
			children = (
				41E62BC127BA5F3F00772BB9 /* Base */,
			);
			name = LaunchScreen.storyboard;
			sourceTree = "<group>";
		};
/* End PBXVariantGroup section */

/* Begin XCBuildConfiguration section */
		4189493627BBE769008B426F /* Debug */ = {
			isa = XCBuildConfiguration;
			baseConfigurationReference = AAC3AF5BD9634B38EE610559 /* Pods-NetworkPlatform.debug.xcconfig */;
			buildSettings = {
				CLANG_ENABLE_MODULES = YES;
				CODE_SIGN_STYLE = Automatic;
				CURRENT_PROJECT_VERSION = 1;
				DEFINES_MODULE = YES;
				DYLIB_COMPATIBILITY_VERSION = 1;
				DYLIB_CURRENT_VERSION = 1;
				DYLIB_INSTALL_NAME_BASE = "@rpath";
				GENERATE_INFOPLIST_FILE = YES;
				INFOPLIST_KEY_NSHumanReadableCopyright = "";
				INSTALL_PATH = "$(LOCAL_LIBRARY_DIR)/Frameworks";
				LD_RUNPATH_SEARCH_PATHS = (
					"$(inherited)",
					"@executable_path/Frameworks",
					"@loader_path/Frameworks",
				);
				MARKETING_VERSION = 1.0;
				PRODUCT_BUNDLE_IDENTIFIER = home.NetworkPlatform;
				PRODUCT_NAME = "$(TARGET_NAME:c99extidentifier)";
				SKIP_INSTALL = YES;
				SUPPORTS_MACCATALYST = NO;
				SWIFT_EMIT_LOC_STRINGS = YES;
				SWIFT_OPTIMIZATION_LEVEL = "-Onone";
				SWIFT_VERSION = 5.0;
				TARGETED_DEVICE_FAMILY = "1,2";
				VERSIONING_SYSTEM = "apple-generic";
				VERSION_INFO_PREFIX = "";
			};
			name = Debug;
		};
		4189493727BBE769008B426F /* Release */ = {
			isa = XCBuildConfiguration;
			baseConfigurationReference = DD189BED1D37130419D7DB02 /* Pods-NetworkPlatform.release.xcconfig */;
			buildSettings = {
				CLANG_ENABLE_MODULES = YES;
				CODE_SIGN_STYLE = Automatic;
				CURRENT_PROJECT_VERSION = 1;
				DEFINES_MODULE = YES;
				DYLIB_COMPATIBILITY_VERSION = 1;
				DYLIB_CURRENT_VERSION = 1;
				DYLIB_INSTALL_NAME_BASE = "@rpath";
				GENERATE_INFOPLIST_FILE = YES;
				INFOPLIST_KEY_NSHumanReadableCopyright = "";
				INSTALL_PATH = "$(LOCAL_LIBRARY_DIR)/Frameworks";
				LD_RUNPATH_SEARCH_PATHS = (
					"$(inherited)",
					"@executable_path/Frameworks",
					"@loader_path/Frameworks",
				);
				MARKETING_VERSION = 1.0;
				PRODUCT_BUNDLE_IDENTIFIER = home.NetworkPlatform;
				PRODUCT_NAME = "$(TARGET_NAME:c99extidentifier)";
				SKIP_INSTALL = YES;
				SUPPORTS_MACCATALYST = NO;
				SWIFT_EMIT_LOC_STRINGS = YES;
				SWIFT_VERSION = 5.0;
				TARGETED_DEVICE_FAMILY = "1,2";
				VERSIONING_SYSTEM = "apple-generic";
				VERSION_INFO_PREFIX = "";
			};
			name = Release;
		};
		4189493927BBE769008B426F /* Debug */ = {
			isa = XCBuildConfiguration;
			baseConfigurationReference = 54A388E6723B97B17173AC78 /* Pods-NetworkPlatformTests.debug.xcconfig */;
			buildSettings = {
				ALWAYS_EMBED_SWIFT_STANDARD_LIBRARIES = YES;
				CODE_SIGN_STYLE = Automatic;
				CURRENT_PROJECT_VERSION = 1;
				GENERATE_INFOPLIST_FILE = YES;
				LD_RUNPATH_SEARCH_PATHS = (
					"$(inherited)",
					"@executable_path/Frameworks",
					"@loader_path/Frameworks",
				);
				MARKETING_VERSION = 1.0;
				PRODUCT_BUNDLE_IDENTIFIER = home.NetworkPlatformTests;
				PRODUCT_NAME = "$(TARGET_NAME)";
				SWIFT_EMIT_LOC_STRINGS = NO;
				SWIFT_VERSION = 5.0;
				TARGETED_DEVICE_FAMILY = "1,2";
				TEST_HOST = "$(BUILT_PRODUCTS_DIR)/SamanTest.app/SamanTest";
			};
			name = Debug;
		};
		4189493A27BBE769008B426F /* Release */ = {
			isa = XCBuildConfiguration;
			baseConfigurationReference = 3B2160DA152C0CA22F1EC37B /* Pods-NetworkPlatformTests.release.xcconfig */;
			buildSettings = {
				ALWAYS_EMBED_SWIFT_STANDARD_LIBRARIES = YES;
				CODE_SIGN_STYLE = Automatic;
				CURRENT_PROJECT_VERSION = 1;
				GENERATE_INFOPLIST_FILE = YES;
				LD_RUNPATH_SEARCH_PATHS = (
					"$(inherited)",
					"@executable_path/Frameworks",
					"@loader_path/Frameworks",
				);
				MARKETING_VERSION = 1.0;
				PRODUCT_BUNDLE_IDENTIFIER = home.NetworkPlatformTests;
				PRODUCT_NAME = "$(TARGET_NAME)";
				SWIFT_EMIT_LOC_STRINGS = NO;
				SWIFT_VERSION = 5.0;
				TARGETED_DEVICE_FAMILY = "1,2";
				TEST_HOST = "$(BUILT_PRODUCTS_DIR)/SamanTest.app/SamanTest";
			};
			name = Release;
		};
		41E62BC427BA5F3F00772BB9 /* Debug */ = {
			isa = XCBuildConfiguration;
			buildSettings = {
				ALWAYS_SEARCH_USER_PATHS = NO;
				CLANG_ANALYZER_NONNULL = YES;
				CLANG_ANALYZER_NUMBER_OBJECT_CONVERSION = YES_AGGRESSIVE;
				CLANG_CXX_LANGUAGE_STANDARD = "gnu++17";
				CLANG_CXX_LIBRARY = "libc++";
				CLANG_ENABLE_MODULES = YES;
				CLANG_ENABLE_OBJC_ARC = YES;
				CLANG_ENABLE_OBJC_WEAK = YES;
				CLANG_WARN_BLOCK_CAPTURE_AUTORELEASING = YES;
				CLANG_WARN_BOOL_CONVERSION = YES;
				CLANG_WARN_COMMA = YES;
				CLANG_WARN_CONSTANT_CONVERSION = YES;
				CLANG_WARN_DEPRECATED_OBJC_IMPLEMENTATIONS = YES;
				CLANG_WARN_DIRECT_OBJC_ISA_USAGE = YES_ERROR;
				CLANG_WARN_DOCUMENTATION_COMMENTS = YES;
				CLANG_WARN_EMPTY_BODY = YES;
				CLANG_WARN_ENUM_CONVERSION = YES;
				CLANG_WARN_INFINITE_RECURSION = YES;
				CLANG_WARN_INT_CONVERSION = YES;
				CLANG_WARN_NON_LITERAL_NULL_CONVERSION = YES;
				CLANG_WARN_OBJC_IMPLICIT_RETAIN_SELF = YES;
				CLANG_WARN_OBJC_LITERAL_CONVERSION = YES;
				CLANG_WARN_OBJC_ROOT_CLASS = YES_ERROR;
				CLANG_WARN_QUOTED_INCLUDE_IN_FRAMEWORK_HEADER = YES;
				CLANG_WARN_RANGE_LOOP_ANALYSIS = YES;
				CLANG_WARN_STRICT_PROTOTYPES = YES;
				CLANG_WARN_SUSPICIOUS_MOVE = YES;
				CLANG_WARN_UNGUARDED_AVAILABILITY = YES_AGGRESSIVE;
				CLANG_WARN_UNREACHABLE_CODE = YES;
				CLANG_WARN__DUPLICATE_METHOD_MATCH = YES;
				COPY_PHASE_STRIP = NO;
				DEBUG_INFORMATION_FORMAT = dwarf;
				ENABLE_STRICT_OBJC_MSGSEND = YES;
				ENABLE_TESTABILITY = YES;
				GCC_C_LANGUAGE_STANDARD = gnu11;
				GCC_DYNAMIC_NO_PIC = NO;
				GCC_NO_COMMON_BLOCKS = YES;
				GCC_OPTIMIZATION_LEVEL = 0;
				GCC_PREPROCESSOR_DEFINITIONS = (
					"DEBUG=1",
					"$(inherited)",
				);
				GCC_WARN_64_TO_32_BIT_CONVERSION = YES;
				GCC_WARN_ABOUT_RETURN_TYPE = YES_ERROR;
				GCC_WARN_UNDECLARED_SELECTOR = YES;
				GCC_WARN_UNINITIALIZED_AUTOS = YES_AGGRESSIVE;
				GCC_WARN_UNUSED_FUNCTION = YES;
				GCC_WARN_UNUSED_VARIABLE = YES;
				IPHONEOS_DEPLOYMENT_TARGET = 15.0;
				MTL_ENABLE_DEBUG_INFO = INCLUDE_SOURCE;
				MTL_FAST_MATH = YES;
				ONLY_ACTIVE_ARCH = YES;
				SDKROOT = iphoneos;
				SWIFT_ACTIVE_COMPILATION_CONDITIONS = DEBUG;
				SWIFT_OPTIMIZATION_LEVEL = "-Onone";
			};
			name = Debug;
		};
		41E62BC527BA5F3F00772BB9 /* Release */ = {
			isa = XCBuildConfiguration;
			buildSettings = {
				ALWAYS_SEARCH_USER_PATHS = NO;
				CLANG_ANALYZER_NONNULL = YES;
				CLANG_ANALYZER_NUMBER_OBJECT_CONVERSION = YES_AGGRESSIVE;
				CLANG_CXX_LANGUAGE_STANDARD = "gnu++17";
				CLANG_CXX_LIBRARY = "libc++";
				CLANG_ENABLE_MODULES = YES;
				CLANG_ENABLE_OBJC_ARC = YES;
				CLANG_ENABLE_OBJC_WEAK = YES;
				CLANG_WARN_BLOCK_CAPTURE_AUTORELEASING = YES;
				CLANG_WARN_BOOL_CONVERSION = YES;
				CLANG_WARN_COMMA = YES;
				CLANG_WARN_CONSTANT_CONVERSION = YES;
				CLANG_WARN_DEPRECATED_OBJC_IMPLEMENTATIONS = YES;
				CLANG_WARN_DIRECT_OBJC_ISA_USAGE = YES_ERROR;
				CLANG_WARN_DOCUMENTATION_COMMENTS = YES;
				CLANG_WARN_EMPTY_BODY = YES;
				CLANG_WARN_ENUM_CONVERSION = YES;
				CLANG_WARN_INFINITE_RECURSION = YES;
				CLANG_WARN_INT_CONVERSION = YES;
				CLANG_WARN_NON_LITERAL_NULL_CONVERSION = YES;
				CLANG_WARN_OBJC_IMPLICIT_RETAIN_SELF = YES;
				CLANG_WARN_OBJC_LITERAL_CONVERSION = YES;
				CLANG_WARN_OBJC_ROOT_CLASS = YES_ERROR;
				CLANG_WARN_QUOTED_INCLUDE_IN_FRAMEWORK_HEADER = YES;
				CLANG_WARN_RANGE_LOOP_ANALYSIS = YES;
				CLANG_WARN_STRICT_PROTOTYPES = YES;
				CLANG_WARN_SUSPICIOUS_MOVE = YES;
				CLANG_WARN_UNGUARDED_AVAILABILITY = YES_AGGRESSIVE;
				CLANG_WARN_UNREACHABLE_CODE = YES;
				CLANG_WARN__DUPLICATE_METHOD_MATCH = YES;
				COPY_PHASE_STRIP = NO;
				DEBUG_INFORMATION_FORMAT = "dwarf-with-dsym";
				ENABLE_NS_ASSERTIONS = NO;
				ENABLE_STRICT_OBJC_MSGSEND = YES;
				GCC_C_LANGUAGE_STANDARD = gnu11;
				GCC_NO_COMMON_BLOCKS = YES;
				GCC_WARN_64_TO_32_BIT_CONVERSION = YES;
				GCC_WARN_ABOUT_RETURN_TYPE = YES_ERROR;
				GCC_WARN_UNDECLARED_SELECTOR = YES;
				GCC_WARN_UNINITIALIZED_AUTOS = YES_AGGRESSIVE;
				GCC_WARN_UNUSED_FUNCTION = YES;
				GCC_WARN_UNUSED_VARIABLE = YES;
				IPHONEOS_DEPLOYMENT_TARGET = 15.0;
				MTL_ENABLE_DEBUG_INFO = NO;
				MTL_FAST_MATH = YES;
				SDKROOT = iphoneos;
				SWIFT_COMPILATION_MODE = wholemodule;
				SWIFT_OPTIMIZATION_LEVEL = "-O";
				VALIDATE_PRODUCT = YES;
			};
			name = Release;
		};
		41E62BC727BA5F3F00772BB9 /* Debug */ = {
			isa = XCBuildConfiguration;
			baseConfigurationReference = C688A175B1F56BEB9332C71A /* Pods-SamanTest.debug.xcconfig */;
			buildSettings = {
				ALWAYS_EMBED_SWIFT_STANDARD_LIBRARIES = YES;
				ASSETCATALOG_COMPILER_APPICON_NAME = AppIcon;
				ASSETCATALOG_COMPILER_GLOBAL_ACCENT_COLOR_NAME = AccentColor;
				CODE_SIGN_STYLE = Automatic;
				CURRENT_PROJECT_VERSION = 1;
				GENERATE_INFOPLIST_FILE = YES;
				INFOPLIST_FILE = SamanTest/Resources/Info.plist;
				INFOPLIST_KEY_UIApplicationSupportsIndirectInputEvents = YES;
				INFOPLIST_KEY_UILaunchStoryboardName = LaunchScreen;
				INFOPLIST_KEY_UISupportedInterfaceOrientations_iPad = "UIInterfaceOrientationPortrait UIInterfaceOrientationPortraitUpsideDown UIInterfaceOrientationLandscapeLeft UIInterfaceOrientationLandscapeRight";
				INFOPLIST_KEY_UISupportedInterfaceOrientations_iPhone = "UIInterfaceOrientationPortrait UIInterfaceOrientationLandscapeLeft UIInterfaceOrientationLandscapeRight";
				LD_RUNPATH_SEARCH_PATHS = (
					"$(inherited)",
					"@executable_path/Frameworks",
				);
				MARKETING_VERSION = 1.0;
				PRODUCT_BUNDLE_IDENTIFIER = com.home.SamanTest;
				PRODUCT_NAME = "$(TARGET_NAME)";
				SWIFT_EMIT_LOC_STRINGS = YES;
				SWIFT_VERSION = 5.0;
				TARGETED_DEVICE_FAMILY = "1,2";
			};
			name = Debug;
		};
		41E62BC827BA5F3F00772BB9 /* Release */ = {
			isa = XCBuildConfiguration;
			baseConfigurationReference = 422731858E8C62CA4B0F3008 /* Pods-SamanTest.release.xcconfig */;
			buildSettings = {
				ALWAYS_EMBED_SWIFT_STANDARD_LIBRARIES = YES;
				ASSETCATALOG_COMPILER_APPICON_NAME = AppIcon;
				ASSETCATALOG_COMPILER_GLOBAL_ACCENT_COLOR_NAME = AccentColor;
				CODE_SIGN_STYLE = Automatic;
				CURRENT_PROJECT_VERSION = 1;
				GENERATE_INFOPLIST_FILE = YES;
				INFOPLIST_FILE = SamanTest/Resources/Info.plist;
				INFOPLIST_KEY_UIApplicationSupportsIndirectInputEvents = YES;
				INFOPLIST_KEY_UILaunchStoryboardName = LaunchScreen;
				INFOPLIST_KEY_UISupportedInterfaceOrientations_iPad = "UIInterfaceOrientationPortrait UIInterfaceOrientationPortraitUpsideDown UIInterfaceOrientationLandscapeLeft UIInterfaceOrientationLandscapeRight";
				INFOPLIST_KEY_UISupportedInterfaceOrientations_iPhone = "UIInterfaceOrientationPortrait UIInterfaceOrientationLandscapeLeft UIInterfaceOrientationLandscapeRight";
				LD_RUNPATH_SEARCH_PATHS = (
					"$(inherited)",
					"@executable_path/Frameworks",
				);
				MARKETING_VERSION = 1.0;
				PRODUCT_BUNDLE_IDENTIFIER = com.home.SamanTest;
				PRODUCT_NAME = "$(TARGET_NAME)";
				SWIFT_EMIT_LOC_STRINGS = YES;
				SWIFT_VERSION = 5.0;
				TARGETED_DEVICE_FAMILY = "1,2";
			};
			name = Release;
		};
		41E62BE427BA5F7F00772BB9 /* Debug */ = {
			isa = XCBuildConfiguration;
			baseConfigurationReference = E702FEB3866B972656C8CF13 /* Pods-Domain.debug.xcconfig */;
			buildSettings = {
				CLANG_ENABLE_MODULES = YES;
				CODE_SIGN_STYLE = Automatic;
				CURRENT_PROJECT_VERSION = 1;
				DEFINES_MODULE = YES;
				DYLIB_COMPATIBILITY_VERSION = 1;
				DYLIB_CURRENT_VERSION = 1;
				DYLIB_INSTALL_NAME_BASE = "@rpath";
				GENERATE_INFOPLIST_FILE = YES;
				INFOPLIST_KEY_NSHumanReadableCopyright = "";
				INSTALL_PATH = "$(LOCAL_LIBRARY_DIR)/Frameworks";
				LD_RUNPATH_SEARCH_PATHS = (
					"$(inherited)",
					"@executable_path/Frameworks",
					"@loader_path/Frameworks",
				);
				MARKETING_VERSION = 1.0;
				PRODUCT_BUNDLE_IDENTIFIER = com.home.Domain;
				PRODUCT_NAME = "$(TARGET_NAME:c99extidentifier)";
				SKIP_INSTALL = YES;
				SUPPORTS_MACCATALYST = NO;
				SWIFT_EMIT_LOC_STRINGS = YES;
				SWIFT_OPTIMIZATION_LEVEL = "-Onone";
				SWIFT_VERSION = 5.0;
				TARGETED_DEVICE_FAMILY = "1,2";
				VERSIONING_SYSTEM = "apple-generic";
				VERSION_INFO_PREFIX = "";
			};
			name = Debug;
		};
		41E62BE527BA5F7F00772BB9 /* Release */ = {
			isa = XCBuildConfiguration;
			baseConfigurationReference = 77AEB563813CA9A409BA36E5 /* Pods-Domain.release.xcconfig */;
			buildSettings = {
				CLANG_ENABLE_MODULES = YES;
				CODE_SIGN_STYLE = Automatic;
				CURRENT_PROJECT_VERSION = 1;
				DEFINES_MODULE = YES;
				DYLIB_COMPATIBILITY_VERSION = 1;
				DYLIB_CURRENT_VERSION = 1;
				DYLIB_INSTALL_NAME_BASE = "@rpath";
				GENERATE_INFOPLIST_FILE = YES;
				INFOPLIST_KEY_NSHumanReadableCopyright = "";
				INSTALL_PATH = "$(LOCAL_LIBRARY_DIR)/Frameworks";
				LD_RUNPATH_SEARCH_PATHS = (
					"$(inherited)",
					"@executable_path/Frameworks",
					"@loader_path/Frameworks",
				);
				MARKETING_VERSION = 1.0;
				PRODUCT_BUNDLE_IDENTIFIER = com.home.Domain;
				PRODUCT_NAME = "$(TARGET_NAME:c99extidentifier)";
				SKIP_INSTALL = YES;
				SUPPORTS_MACCATALYST = NO;
				SWIFT_EMIT_LOC_STRINGS = YES;
				SWIFT_VERSION = 5.0;
				TARGETED_DEVICE_FAMILY = "1,2";
				VERSIONING_SYSTEM = "apple-generic";
				VERSION_INFO_PREFIX = "";
			};
			name = Release;
		};
		41E62BE827BA5F7F00772BB9 /* Debug */ = {
			isa = XCBuildConfiguration;
			baseConfigurationReference = CE2D08E4E10DD7FA77960161 /* Pods-DomainTests.debug.xcconfig */;
			buildSettings = {
				ALWAYS_EMBED_SWIFT_STANDARD_LIBRARIES = YES;
				CODE_SIGN_STYLE = Automatic;
				CURRENT_PROJECT_VERSION = 1;
				GENERATE_INFOPLIST_FILE = YES;
				LD_RUNPATH_SEARCH_PATHS = (
					"$(inherited)",
					"@executable_path/Frameworks",
					"@loader_path/Frameworks",
				);
				MARKETING_VERSION = 1.0;
				PRODUCT_BUNDLE_IDENTIFIER = home.DomainTests;
				PRODUCT_NAME = "$(TARGET_NAME)";
				SWIFT_EMIT_LOC_STRINGS = NO;
				SWIFT_VERSION = 5.0;
				TARGETED_DEVICE_FAMILY = "1,2";
				TEST_HOST = "$(BUILT_PRODUCTS_DIR)/SamanTest.app/SamanTest";
			};
			name = Debug;
		};
		41E62BE927BA5F7F00772BB9 /* Release */ = {
			isa = XCBuildConfiguration;
			baseConfigurationReference = 9EBA902FDAB2C3C21AC6AC8F /* Pods-DomainTests.release.xcconfig */;
			buildSettings = {
				ALWAYS_EMBED_SWIFT_STANDARD_LIBRARIES = YES;
				CODE_SIGN_STYLE = Automatic;
				CURRENT_PROJECT_VERSION = 1;
				GENERATE_INFOPLIST_FILE = YES;
				LD_RUNPATH_SEARCH_PATHS = (
					"$(inherited)",
					"@executable_path/Frameworks",
					"@loader_path/Frameworks",
				);
				MARKETING_VERSION = 1.0;
				PRODUCT_BUNDLE_IDENTIFIER = home.DomainTests;
				PRODUCT_NAME = "$(TARGET_NAME)";
				SWIFT_EMIT_LOC_STRINGS = NO;
				SWIFT_VERSION = 5.0;
				TARGETED_DEVICE_FAMILY = "1,2";
				TEST_HOST = "$(BUILT_PRODUCTS_DIR)/SamanTest.app/SamanTest";
			};
			name = Release;
		};
		41E62C1727BA63C200772BB9 /* Debug */ = {
			isa = XCBuildConfiguration;
			baseConfigurationReference = 4DD6165B4A97A63BD16EDB59 /* Pods-SamanTestTests.debug.xcconfig */;
			buildSettings = {
				BUNDLE_LOADER = "$(TEST_HOST)";
				CODE_SIGN_STYLE = Automatic;
				CURRENT_PROJECT_VERSION = 1;
				GENERATE_INFOPLIST_FILE = YES;
				LD_RUNPATH_SEARCH_PATHS = (
					"$(inherited)",
					"@executable_path/Frameworks",
					"@loader_path/Frameworks",
				);
				MARKETING_VERSION = 1.0;
				PRODUCT_BUNDLE_IDENTIFIER = home.SamanTestTests;
				PRODUCT_NAME = "$(TARGET_NAME)";
				SWIFT_EMIT_LOC_STRINGS = NO;
				SWIFT_VERSION = 5.0;
				TARGETED_DEVICE_FAMILY = "1,2";
				TEST_HOST = "$(BUILT_PRODUCTS_DIR)/SamanTest.app/SamanTest";
			};
			name = Debug;
		};
		41E62C1827BA63C200772BB9 /* Release */ = {
			isa = XCBuildConfiguration;
			baseConfigurationReference = C31FFB5CF9CF275A30FBFA49 /* Pods-SamanTestTests.release.xcconfig */;
			buildSettings = {
				BUNDLE_LOADER = "$(TEST_HOST)";
				CODE_SIGN_STYLE = Automatic;
				CURRENT_PROJECT_VERSION = 1;
				GENERATE_INFOPLIST_FILE = YES;
				LD_RUNPATH_SEARCH_PATHS = (
					"$(inherited)",
					"@executable_path/Frameworks",
					"@loader_path/Frameworks",
				);
				MARKETING_VERSION = 1.0;
				PRODUCT_BUNDLE_IDENTIFIER = home.SamanTestTests;
				PRODUCT_NAME = "$(TARGET_NAME)";
				SWIFT_EMIT_LOC_STRINGS = NO;
				SWIFT_VERSION = 5.0;
				TARGETED_DEVICE_FAMILY = "1,2";
				TEST_HOST = "$(BUILT_PRODUCTS_DIR)/SamanTest.app/SamanTest";
			};
			name = Release;
		};
		41E62C2727BA63D200772BB9 /* Debug */ = {
			isa = XCBuildConfiguration;
			baseConfigurationReference = 2186B396885778BA8904F423 /* Pods-SamanTest-SamanTestUITests.debug.xcconfig */;
			buildSettings = {
				CODE_SIGN_STYLE = Automatic;
				CURRENT_PROJECT_VERSION = 1;
				GENERATE_INFOPLIST_FILE = YES;
				LD_RUNPATH_SEARCH_PATHS = (
					"$(inherited)",
					"@executable_path/Frameworks",
					"@loader_path/Frameworks",
				);
				MARKETING_VERSION = 1.0;
				PRODUCT_BUNDLE_IDENTIFIER = home.SamanTestUITests;
				PRODUCT_NAME = "$(TARGET_NAME)";
				SWIFT_EMIT_LOC_STRINGS = NO;
				SWIFT_VERSION = 5.0;
				TARGETED_DEVICE_FAMILY = "1,2";
				TEST_TARGET_NAME = SamanTest;
			};
			name = Debug;
		};
		41E62C2827BA63D200772BB9 /* Release */ = {
			isa = XCBuildConfiguration;
			baseConfigurationReference = 905F0D1413E420ED24AB4A8A /* Pods-SamanTest-SamanTestUITests.release.xcconfig */;
			buildSettings = {
				CODE_SIGN_STYLE = Automatic;
				CURRENT_PROJECT_VERSION = 1;
				GENERATE_INFOPLIST_FILE = YES;
				LD_RUNPATH_SEARCH_PATHS = (
					"$(inherited)",
					"@executable_path/Frameworks",
					"@loader_path/Frameworks",
				);
				MARKETING_VERSION = 1.0;
				PRODUCT_BUNDLE_IDENTIFIER = home.SamanTestUITests;
				PRODUCT_NAME = "$(TARGET_NAME)";
				SWIFT_EMIT_LOC_STRINGS = NO;
				SWIFT_VERSION = 5.0;
				TARGETED_DEVICE_FAMILY = "1,2";
				TEST_TARGET_NAME = SamanTest;
			};
			name = Release;
		};
/* End XCBuildConfiguration section */

/* Begin XCConfigurationList section */
		4189493527BBE769008B426F /* Build configuration list for PBXNativeTarget "NetworkPlatform" */ = {
			isa = XCConfigurationList;
			buildConfigurations = (
				4189493627BBE769008B426F /* Debug */,
				4189493727BBE769008B426F /* Release */,
			);
			defaultConfigurationIsVisible = 0;
			defaultConfigurationName = Release;
		};
		4189493827BBE769008B426F /* Build configuration list for PBXNativeTarget "NetworkPlatformTests" */ = {
			isa = XCConfigurationList;
			buildConfigurations = (
				4189493927BBE769008B426F /* Debug */,
				4189493A27BBE769008B426F /* Release */,
			);
			defaultConfigurationIsVisible = 0;
			defaultConfigurationName = Release;
		};
		41E62BAD27BA5F3D00772BB9 /* Build configuration list for PBXProject "SamanTest" */ = {
			isa = XCConfigurationList;
			buildConfigurations = (
				41E62BC427BA5F3F00772BB9 /* Debug */,
				41E62BC527BA5F3F00772BB9 /* Release */,
			);
			defaultConfigurationIsVisible = 0;
			defaultConfigurationName = Release;
		};
		41E62BC627BA5F3F00772BB9 /* Build configuration list for PBXNativeTarget "SamanTest" */ = {
			isa = XCConfigurationList;
			buildConfigurations = (
				41E62BC727BA5F3F00772BB9 /* Debug */,
				41E62BC827BA5F3F00772BB9 /* Release */,
			);
			defaultConfigurationIsVisible = 0;
			defaultConfigurationName = Release;
		};
		41E62BE327BA5F7F00772BB9 /* Build configuration list for PBXNativeTarget "Domain" */ = {
			isa = XCConfigurationList;
			buildConfigurations = (
				41E62BE427BA5F7F00772BB9 /* Debug */,
				41E62BE527BA5F7F00772BB9 /* Release */,
			);
			defaultConfigurationIsVisible = 0;
			defaultConfigurationName = Release;
		};
		41E62BE727BA5F7F00772BB9 /* Build configuration list for PBXNativeTarget "DomainTests" */ = {
			isa = XCConfigurationList;
			buildConfigurations = (
				41E62BE827BA5F7F00772BB9 /* Debug */,
				41E62BE927BA5F7F00772BB9 /* Release */,
			);
			defaultConfigurationIsVisible = 0;
			defaultConfigurationName = Release;
		};
		41E62C1927BA63C200772BB9 /* Build configuration list for PBXNativeTarget "SamanTestTests" */ = {
			isa = XCConfigurationList;
			buildConfigurations = (
				41E62C1727BA63C200772BB9 /* Debug */,
				41E62C1827BA63C200772BB9 /* Release */,
			);
			defaultConfigurationIsVisible = 0;
			defaultConfigurationName = Release;
		};
		41E62C2627BA63D200772BB9 /* Build configuration list for PBXNativeTarget "SamanTestUITests" */ = {
			isa = XCConfigurationList;
			buildConfigurations = (
				41E62C2727BA63D200772BB9 /* Debug */,
				41E62C2827BA63D200772BB9 /* Release */,
			);
			defaultConfigurationIsVisible = 0;
			defaultConfigurationName = Release;
		};
/* End XCConfigurationList section */
	};
	rootObject = 41E62BAA27BA5F3D00772BB9 /* Project object */;
}
